// !$*UTF8*$!
{
	archiveVersion = 1;
	classes = {
	};
	objectVersion = 50;
	objects = {

/* Begin PBXBuildFile section */
		1E7DAFCD236C2B98008DEACC /* AppDelegate.swift in Sources */ = {isa = PBXBuildFile; fileRef = 1E7DAFCC236C2B98008DEACC /* AppDelegate.swift */; };
		1E7DAFCF236C2B98008DEACC /* SceneDelegate.swift in Sources */ = {isa = PBXBuildFile; fileRef = 1E7DAFCE236C2B98008DEACC /* SceneDelegate.swift */; };
		1E7DAFD1236C2B98008DEACC /* ViewController.swift in Sources */ = {isa = PBXBuildFile; fileRef = 1E7DAFD0236C2B98008DEACC /* ViewController.swift */; };
		1E7DAFD4236C2B98008DEACC /* Main.storyboard in Resources */ = {isa = PBXBuildFile; fileRef = 1E7DAFD2236C2B98008DEACC /* Main.storyboard */; };
		1E7DAFD6236C2B9C008DEACC /* Assets.xcassets in Resources */ = {isa = PBXBuildFile; fileRef = 1E7DAFD5236C2B9C008DEACC /* Assets.xcassets */; };
		1E7DAFD9236C2B9C008DEACC /* LaunchScreen.storyboard in Resources */ = {isa = PBXBuildFile; fileRef = 1E7DAFD7236C2B9C008DEACC /* LaunchScreen.storyboard */; };
/* End PBXBuildFile section */

/* Begin PBXFileReference section */
		1E7DAFC9236C2B98008DEACC /* iOS13OnDeviceSpeechRecognition.app */ = {isa = PBXFileReference; explicitFileType = wrapper.application; includeInIndex = 0; path = iOS13OnDeviceSpeechRecognition.app; sourceTree = BUILT_PRODUCTS_DIR; };
		1E7DAFCC236C2B98008DEACC /* AppDelegate.swift */ = {isa = PBXFileReference; lastKnownFileType = sourcecode.swift; path = AppDelegate.swift; sourceTree = "<group>"; };
		1E7DAFCE236C2B98008DEACC /* SceneDelegate.swift */ = {isa = PBXFileReference; lastKnownFileType = sourcecode.swift; path = SceneDelegate.swift; sourceTree = "<group>"; };
		1E7DAFD0236C2B98008DEACC /* ViewController.swift */ = {isa = PBXFileReference; lastKnownFileType = sourcecode.swift; path = ViewController.swift; sourceTree = "<group>"; };
		1E7DAFD3236C2B98008DEACC /* Base */ = {isa = PBXFileReference; lastKnownFileType = file.storyboard; name = Base; path = Base.lproj/Main.storyboard; sourceTree = "<group>"; };
		1E7DAFD5236C2B9C008DEACC /* Assets.xcassets */ = {isa = PBXFileReference; lastKnownFileType = folder.assetcatalog; path = Assets.xcassets; sourceTree = "<group>"; };
		1E7DAFD8236C2B9C008DEACC /* Base */ = {isa = PBXFileReference; lastKnownFileType = file.storyboard; name = Base; path = Base.lproj/LaunchScreen.storyboard; sourceTree = "<group>"; };
		1E7DAFDA236C2B9C008DEACC /* Info.plist */ = {isa = PBXFileReference; lastKnownFileType = text.plist.xml; path = Info.plist; sourceTree = "<group>"; };
/* End PBXFileReference section */

/* Begin PBXFrameworksBuildPhase section */
		1E7DAFC6236C2B98008DEACC /* Frameworks */ = {
			isa = PBXFrameworksBuildPhase;
			buildActionMask = 2147483647;
			files = (
			);
			runOnlyForDeploymentPostprocessing = 0;
		};
/* End PBXFrameworksBuildPhase section */

/* Begin PBXGroup section */
		1E7DAFC0236C2B98008DEACC = {
			isa = PBXGroup;
			children = (
				1E7DAFCB236C2B98008DEACC /* iOS13OnDeviceSpeechRecognition */,
				1E7DAFCA236C2B98008DEACC /* Products */,
			);
			sourceTree = "<group>";
		};
		1E7DAFCA236C2B98008DEACC /* Products */ = {
			isa = PBXGroup;
			children = (
				1E7DAFC9236C2B98008DEACC /* iOS13OnDeviceSpeechRecognition.app */,
			);
			name = Products;
			sourceTree = "<group>";
		};
		1E7DAFCB236C2B98008DEACC /* iOS13OnDeviceSpeechRecognition */ = {
			isa = PBXGroup;
			children = (
				1E7DAFCC236C2B98008DEACC /* AppDelegate.swift */,
				1E7DAFCE236C2B98008DEACC /* SceneDelegate.swift */,
				1E7DAFD0236C2B98008DEACC /* ViewController.swift */,
				1E7DAFD2236C2B98008DEACC /* Main.storyboard */,
				1E7DAFD5236C2B9C008DEACC /* Assets.xcassets */,
				1E7DAFD7236C2B9C008DEACC /* LaunchScreen.storyboard */,
				1E7DAFDA236C2B9C008DEACC /* Info.plist */,
			);
			path = iOS13OnDeviceSpeechRecognition;
			sourceTree = "<group>";
		};
/* End PBXGroup section */

/* Begin PBXNativeTarget section */
		1E7DAFC8236C2B98008DEACC /* iOS13OnDeviceSpeechRecognition */ = {
			isa = PBXNativeTarget;
			buildConfigurationList = 1E7DAFDD236C2B9C008DEACC /* Build configuration list for PBXNativeTarget "iOS13OnDeviceSpeechRecognition" */;
			buildPhases = (
				1E7DAFC5236C2B98008DEACC /* Sources */,
				1E7DAFC6236C2B98008DEACC /* Frameworks */,
				1E7DAFC7236C2B98008DEACC /* Resources */,
			);
			buildRules = (
			);
			dependencies = (
			);
			name = iOS13OnDeviceSpeechRecognition;
			productName = iOS13OnDeviceSpeechRecognition;
			productReference = 1E7DAFC9236C2B98008DEACC /* iOS13OnDeviceSpeechRecognition.app */;
			productType = "com.apple.product-type.application";
		};
/* End PBXNativeTarget section */

/* Begin PBXProject section */
		1E7DAFC1236C2B98008DEACC /* Project object */ = {
			isa = PBXProject;
			attributes = {
				LastSwiftUpdateCheck = 1110;
				LastUpgradeCheck = 1110;
				ORGANIZATIONNAME = iowncode;
				TargetAttributes = {
					1E7DAFC8236C2B98008DEACC = {
						CreatedOnToolsVersion = 11.1;
					};
				};
			};
			buildConfigurationList = 1E7DAFC4236C2B98008DEACC /* Build configuration list for PBXProject "iOS13OnDeviceSpeechRecognition" */;
			compatibilityVersion = "Xcode 9.3";
			developmentRegion = en;
			hasScannedForEncodings = 0;
			knownRegions = (
				en,
				Base,
			);
			mainGroup = 1E7DAFC0236C2B98008DEACC;
			productRefGroup = 1E7DAFCA236C2B98008DEACC /* Products */;
			projectDirPath = "";
			projectRoot = "";
			targets = (
				1E7DAFC8236C2B98008DEACC /* iOS13OnDeviceSpeechRecognition */,
			);
		};
/* End PBXProject section */

/* Begin PBXResourcesBuildPhase section */
		1E7DAFC7236C2B98008DEACC /* Resources */ = {
			isa = PBXResourcesBuildPhase;
			buildActionMask = 2147483647;
			files = (
				1E7DAFD9236C2B9C008DEACC /* LaunchScreen.storyboard in Resources */,
				1E7DAFD6236C2B9C008DEACC /* Assets.xcassets in Resources */,
				1E7DAFD4236C2B98008DEACC /* Main.storyboard in Resources */,
			);
			runOnlyForDeploymentPostprocessing = 0;
		};
/* End PBXResourcesBuildPhase section */

/* Begin PBXSourcesBuildPhase section */
		1E7DAFC5236C2B98008DEACC /* Sources */ = {
			isa = PBXSourcesBuildPhase;
			buildActionMask = 2147483647;
			files = (
				1E7DAFD1236C2B98008DEACC /* ViewController.swift in Sources */,
				1E7DAFCD236C2B98008DEACC /* AppDelegate.swift in Sources */,
				1E7DAFCF236C2B98008DEACC /* SceneDelegate.swift in Sources */,
			);
			runOnlyForDeploymentPostprocessing = 0;
		};
/* End PBXSourcesBuildPhase section */

/* Begin PBXVariantGroup section */
		1E7DAFD2236C2B98008DEACC /* Main.storyboard */ = {
			isa = PBXVariantGroup;
			children = (
				1E7DAFD3236C2B98008DEACC /* Base */,
			);
			name = Main.storyboard;
			sourceTree = "<group>";
		};
		1E7DAFD7236C2B9C008DEACC /* LaunchScreen.storyboard */ = {
			isa = PBXVariantGroup;
			children = (
				1E7DAFD8236C2B9C008DEACC /* Base */,
			);
			name = LaunchScreen.storyboard;
			sourceTree = "<group>";
		};
/* End PBXVariantGroup section */

/* Begin XCBuildConfiguration section */
		1E7DAFDB236C2B9C008DEACC /* Debug */ = {
			isa = XCBuildConfiguration;
			buildSettings = {
				ALWAYS_SEARCH_USER_PATHS = NO;
				CLANG_ANALYZER_NONNULL = YES;
				CLANG_ANALYZER_NUMBER_OBJECT_CONVERSION = YES_AGGRESSIVE;
				CLANG_CXX_LANGUAGE_STANDARD = "gnu++14";
				CLANG_CXX_LIBRARY = "libc++";
				CLANG_ENABLE_MODULES = YES;
				CLANG_ENABLE_OBJC_ARC = YES;
				CLANG_ENABLE_OBJC_WEAK = YES;
				CLANG_WARN_BLOCK_CAPTURE_AUTORELEASING = YES;
				CLANG_WARN_BOOL_CONVERSION = YES;
				CLANG_WARN_COMMA = YES;
				CLANG_WARN_CONSTANT_CONVERSION = YES;
				CLANG_WARN_DEPRECATED_OBJC_IMPLEMENTATIONS = YES;
				CLANG_WARN_DIRECT_OBJC_ISA_USAGE = YES_ERROR;
				CLANG_WARN_DOCUMENTATION_COMMENTS = YES;
				CLANG_WARN_EMPTY_BODY = YES;
				CLANG_WARN_ENUM_CONVERSION = YES;
				CLANG_WARN_INFINITE_RECURSION = YES;
				CLANG_WARN_INT_CONVERSION = YES;
				CLANG_WARN_NON_LITERAL_NULL_CONVERSION = YES;
				CLANG_WARN_OBJC_IMPLICIT_RETAIN_SELF = YES;
				CLANG_WARN_OBJC_LITERAL_CONVERSION = YES;
				CLANG_WARN_OBJC_ROOT_CLASS = YES_ERROR;
				CLANG_WARN_RANGE_LOOP_ANALYSIS = YES;
				CLANG_WARN_STRICT_PROTOTYPES = YES;
				CLANG_WARN_SUSPICIOUS_MOVE = YES;
				CLANG_WARN_UNGUARDED_AVAILABILITY = YES_AGGRESSIVE;
				CLANG_WARN_UNREACHABLE_CODE = YES;
				CLANG_WARN__DUPLICATE_METHOD_MATCH = YES;
				COPY_PHASE_STRIP = NO;
				DEBUG_INFORMATION_FORMAT = dwarf;
				ENABLE_STRICT_OBJC_MSGSEND = YES;
				ENABLE_TESTABILITY = YES;
				GCC_C_LANGUAGE_STANDARD = gnu11;
				GCC_DYNAMIC_NO_PIC = NO;
				GCC_NO_COMMON_BLOCKS = YES;
				GCC_OPTIMIZATION_LEVEL = 0;
				GCC_PREPROCESSOR_DEFINITIONS = (
					"DEBUG=1",
					"$(inherited)",
				);
				GCC_WARN_64_TO_32_BIT_CONVERSION = YES;
				GCC_WARN_ABOUT_RETURN_TYPE = YES_ERROR;
				GCC_WARN_UNDECLARED_SELECTOR = YES;
				GCC_WARN_UNINITIALIZED_AUTOS = YES_AGGRESSIVE;
				GCC_WARN_UNUSED_FUNCTION = YES;
				GCC_WARN_UNUSED_VARIABLE = YES;
				IPHONEOS_DEPLOYMENT_TARGET = 13.1;
				MTL_ENABLE_DEBUG_INFO = INCLUDE_SOURCE;
				MTL_FAST_MATH = YES;
				ONLY_ACTIVE_ARCH = YES;
				SDKROOT = iphoneos;
				SWIFT_ACTIVE_COMPILATION_CONDITIONS = DEBUG;
				SWIFT_OPTIMIZATION_LEVEL = "-Onone";
			};
			name = Debug;
		};
		1E7DAFDC236C2B9C008DEACC /* Release */ = {
			isa = XCBuildConfiguration;
			buildSettings = {
				ALWAYS_SEARCH_USER_PATHS = NO;
				CLANG_ANALYZER_NONNULL = YES;
				CLANG_ANALYZER_NUMBER_OBJECT_CONVERSION = YES_AGGRESSIVE;
				CLANG_CXX_LANGUAGE_STANDARD = "gnu++14";
				CLANG_CXX_LIBRARY = "libc++";
				CLANG_ENABLE_MODULES = YES;
				CLANG_ENABLE_OBJC_ARC = YES;
				CLANG_ENABLE_OBJC_WEAK = YES;
				CLANG_WARN_BLOCK_CAPTURE_AUTORELEASING = YES;
				CLANG_WARN_BOOL_CONVERSION = YES;
				CLANG_WARN_COMMA = YES;
				CLANG_WARN_CONSTANT_CONVERSION = YES;
				CLANG_WARN_DEPRECATED_OBJC_IMPLEMENTATIONS = YES;
				CLANG_WARN_DIRECT_OBJC_ISA_USAGE = YES_ERROR;
				CLANG_WARN_DOCUMENTATION_COMMENTS = YES;
				CLANG_WARN_EMPTY_BODY = YES;
				CLANG_WARN_ENUM_CONVERSION = YES;
				CLANG_WARN_INFINITE_RECURSION = YES;
				CLANG_WARN_INT_CONVERSION = YES;
				CLANG_WARN_NON_LITERAL_NULL_CONVERSION = YES;
				CLANG_WARN_OBJC_IMPLICIT_RETAIN_SELF = YES;
				CLANG_WARN_OBJC_LITERAL_CONVERSION = YES;
				CLANG_WARN_OBJC_ROOT_CLASS = YES_ERROR;
				CLANG_WARN_RANGE_LOOP_ANALYSIS = YES;
				CLANG_WARN_STRICT_PROTOTYPES = YES;
				CLANG_WARN_SUSPICIOUS_MOVE = YES;
				CLANG_WARN_UNGUARDED_AVAILABILITY = YES_AGGRESSIVE;
				CLANG_WARN_UNREACHABLE_CODE = YES;
				CLANG_WARN__DUPLICATE_METHOD_MATCH = YES;
				COPY_PHASE_STRIP = NO;
				DEBUG_INFORMATION_FORMAT = "dwarf-with-dsym";
				ENABLE_NS_ASSERTIONS = NO;
				ENABLE_STRICT_OBJC_MSGSEND = YES;
				GCC_C_LANGUAGE_STANDARD = gnu11;
				GCC_NO_COMMON_BLOCKS = YES;
				GCC_WARN_64_TO_32_BIT_CONVERSION = YES;
				GCC_WARN_ABOUT_RETURN_TYPE = YES_ERROR;
				GCC_WARN_UNDECLARED_SELECTOR = YES;
				GCC_WARN_UNINITIALIZED_AUTOS = YES_AGGRESSIVE;
				GCC_WARN_UNUSED_FUNCTION = YES;
				GCC_WARN_UNUSED_VARIABLE = YES;
				IPHONEOS_DEPLOYMENT_TARGET = 13.1;
				MTL_ENABLE_DEBUG_INFO = NO;
				MTL_FAST_MATH = YES;
				SDKROOT = iphoneos;
				SWIFT_COMPILATION_MODE = wholemodule;
				SWIFT_OPTIMIZATION_LEVEL = "-O";
				VALIDATE_PRODUCT = YES;
			};
			name = Release;
		};
		1E7DAFDE236C2B9C008DEACC /* Debug */ = {
			isa = XCBuildConfiguration;
			buildSettings = {
				ASSETCATALOG_COMPILER_APPICON_NAME = AppIcon;
				CODE_SIGN_STYLE = Automatic;
				DEVELOPMENT_TEAM = M6P56H6G97;
				INFOPLIST_FILE = iOS13OnDeviceSpeechRecognition/Info.plist;
				LD_RUNPATH_SEARCH_PATHS = (
					"$(inherited)",
					"@executable_path/Frameworks",
				);
				PRODUCT_BUNDLE_IDENTIFIER = com.iowncode.iOS13OnDeviceSpeechRecognition;
				PRODUCT_NAME = "$(TARGET_NAME)";
				SWIFT_VERSION = 5.0;
				TARGETED_DEVICE_FAMILY = "1,2";
			};
			name = Debug;
		};
		1E7DAFDF236C2B9C008DEACC /* Release */ = {
			isa = XCBuildConfiguration;
			buildSettings = {
				ASSETCATALOG_COMPILER_APPICON_NAME = AppIcon;
				CODE_SIGN_STYLE = Automatic;
				DEVELOPMENT_TEAM = M6P56H6G97;
				INFOPLIST_FILE = iOS13OnDeviceSpeechRecognition/Info.plist;
				LD_RUNPATH_SEARCH_PATHS = (
					"$(inherited)",
					"@executable_path/Frameworks",
				);
				PRODUCT_BUNDLE_IDENTIFIER = com.iowncode.iOS13OnDeviceSpeechRecognition;
				PRODUCT_NAME = "$(TARGET_NAME)";
				SWIFT_VERSION = 5.0;
				TARGETED_DEVICE_FAMILY = "1,2";
			};
			name = Release;
		};
/* End XCBuildConfiguration section */

/* Begin XCConfigurationList section */
		1E7DAFC4236C2B98008DEACC /* Build configuration list for PBXProject "iOS13OnDeviceSpeechRecognition" */ = {
			isa = XCConfigurationList;
			buildConfigurations = (
				1E7DAFDB236C2B9C008DEACC /* Debug */,
				1E7DAFDC236C2B9C008DEACC /* Release */,
			);
			defaultConfigurationIsVisible = 0;
			defaultConfigurationName = Release;
		};
		1E7DAFDD236C2B9C008DEACC /* Build configuration list for PBXNativeTarget "iOS13OnDeviceSpeechRecognition" */ = {
			isa = XCConfigurationList;
			buildConfigurations = (
				1E7DAFDE236C2B9C008DEACC /* Debug */,
				1E7DAFDF236C2B9C008DEACC /* Release */,
			);
			defaultConfigurationIsVisible = 0;
			defaultConfigurationName = Release;
		};
/* End XCConfigurationList section */
	};
	rootObject = 1E7DAFC1236C2B98008DEACC /* Project object */;
}
