// !$*UTF8*$!
{
	archiveVersion = 1;
	classes = {
	};
	objectVersion = 50;
	objects = {

/* Begin PBXBuildFile section */
		1E786FEA23FC015B00C52815 /* AppDelegate.swift in Sources */ = {isa = PBXBuildFile; fileRef = 1E786FE923FC015B00C52815 /* AppDelegate.swift */; };
		1E786FEC23FC015B00C52815 /* SceneDelegate.swift in Sources */ = {isa = PBXBuildFile; fileRef = 1E786FEB23FC015B00C52815 /* SceneDelegate.swift */; };
		1E786FEE23FC015B00C52815 /* ContentView.swift in Sources */ = {isa = PBXBuildFile; fileRef = 1E786FED23FC015B00C52815 /* ContentView.swift */; };
		1E786FF023FC015E00C52815 /* Assets.xcassets in Resources */ = {isa = PBXBuildFile; fileRef = 1E786FEF23FC015E00C52815 /* Assets.xcassets */; };
		1E786FF323FC015E00C52815 /* Preview Assets.xcassets in Resources */ = {isa = PBXBuildFile; fileRef = 1E786FF223FC015E00C52815 /* Preview Assets.xcassets */; };
		1E786FF623FC015E00C52815 /* LaunchScreen.storyboard in Resources */ = {isa = PBXBuildFile; fileRef = 1E786FF423FC015E00C52815 /* LaunchScreen.storyboard */; };
		1E786FFE23FDC8A100C52815 /* CommentView.swift in Sources */ = {isa = PBXBuildFile; fileRef = 1E786FFD23FDC8A100C52815 /* CommentView.swift */; };
		1E78700223FDC9B500C52815 /* Models.swift in Sources */ = {isa = PBXBuildFile; fileRef = 1E78700123FDC9B500C52815 /* Models.swift */; };
/* End PBXBuildFile section */

/* Begin PBXFileReference section */
		1E786FE623FC015B00C52815 /* SwiftUIHNSentiments.app */ = {isa = PBXFileReference; explicitFileType = wrapper.application; includeInIndex = 0; path = SwiftUIHNSentiments.app; sourceTree = BUILT_PRODUCTS_DIR; };
		1E786FE923FC015B00C52815 /* AppDelegate.swift */ = {isa = PBXFileReference; lastKnownFileType = sourcecode.swift; path = AppDelegate.swift; sourceTree = "<group>"; };
		1E786FEB23FC015B00C52815 /* SceneDelegate.swift */ = {isa = PBXFileReference; lastKnownFileType = sourcecode.swift; path = SceneDelegate.swift; sourceTree = "<group>"; };
		1E786FED23FC015B00C52815 /* ContentView.swift */ = {isa = PBXFileReference; lastKnownFileType = sourcecode.swift; path = ContentView.swift; sourceTree = "<group>"; };
		1E786FEF23FC015E00C52815 /* Assets.xcassets */ = {isa = PBXFileReference; lastKnownFileType = folder.assetcatalog; path = Assets.xcassets; sourceTree = "<group>"; };
		1E786FF223FC015E00C52815 /* Preview Assets.xcassets */ = {isa = PBXFileReference; lastKnownFileType = folder.assetcatalog; path = "Preview Assets.xcassets"; sourceTree = "<group>"; };
		1E786FF523FC015E00C52815 /* Base */ = {isa = PBXFileReference; lastKnownFileType = file.storyboard; name = Base; path = Base.lproj/LaunchScreen.storyboard; sourceTree = "<group>"; };
		1E786FF723FC015E00C52815 /* Info.plist */ = {isa = PBXFileReference; lastKnownFileType = text.plist.xml; path = Info.plist; sourceTree = "<group>"; };
		1E786FFD23FDC8A100C52815 /* CommentView.swift */ = {isa = PBXFileReference; lastKnownFileType = sourcecode.swift; path = CommentView.swift; sourceTree = "<group>"; };
		1E78700123FDC9B500C52815 /* Models.swift */ = {isa = PBXFileReference; lastKnownFileType = sourcecode.swift; path = Models.swift; sourceTree = "<group>"; };
/* End PBXFileReference section */

/* Begin PBXFrameworksBuildPhase section */
		1E786FE323FC015B00C52815 /* Frameworks */ = {
			isa = PBXFrameworksBuildPhase;
			buildActionMask = 2147483647;
			files = (
			);
			runOnlyForDeploymentPostprocessing = 0;
		};
/* End PBXFrameworksBuildPhase section */

/* Begin PBXGroup section */
		1E786FDD23FC015A00C52815 = {
			isa = PBXGroup;
			children = (
				1E786FE823FC015B00C52815 /* SwiftUIHNSentiments */,
				1E786FE723FC015B00C52815 /* Products */,
			);
			sourceTree = "<group>";
		};
		1E786FE723FC015B00C52815 /* Products */ = {
			isa = PBXGroup;
			children = (
				1E786FE623FC015B00C52815 /* SwiftUIHNSentiments.app */,
			);
			name = Products;
			sourceTree = "<group>";
		};
		1E786FE823FC015B00C52815 /* SwiftUIHNSentiments */ = {
			isa = PBXGroup;
			children = (
				1E786FE923FC015B00C52815 /* AppDelegate.swift */,
				1E786FEB23FC015B00C52815 /* SceneDelegate.swift */,
				1E786FED23FC015B00C52815 /* ContentView.swift */,
				1E786FEF23FC015E00C52815 /* Assets.xcassets */,
				1E786FF423FC015E00C52815 /* LaunchScreen.storyboard */,
				1E786FF723FC015E00C52815 /* Info.plist */,
				1E786FF123FC015E00C52815 /* Preview Content */,
				1E786FFD23FDC8A100C52815 /* CommentView.swift */,
				1E78700123FDC9B500C52815 /* Models.swift */,
			);
			path = SwiftUIHNSentiments;
			sourceTree = "<group>";
		};
		1E786FF123FC015E00C52815 /* Preview Content */ = {
			isa = PBXGroup;
			children = (
				1E786FF223FC015E00C52815 /* Preview Assets.xcassets */,
			);
			path = "Preview Content";
			sourceTree = "<group>";
		};
/* End PBXGroup section */

/* Begin PBXNativeTarget section */
		1E786FE523FC015B00C52815 /* SwiftUIHNSentiments */ = {
			isa = PBXNativeTarget;
			buildConfigurationList = 1E786FFA23FC015E00C52815 /* Build configuration list for PBXNativeTarget "SwiftUIHNSentiments" */;
			buildPhases = (
				1E786FE223FC015B00C52815 /* Sources */,
				1E786FE323FC015B00C52815 /* Frameworks */,
				1E786FE423FC015B00C52815 /* Resources */,
			);
			buildRules = (
			);
			dependencies = (
			);
			name = SwiftUIHNSentiments;
			productName = SwiftUIHNSentiments;
			productReference = 1E786FE623FC015B00C52815 /* SwiftUIHNSentiments.app */;
			productType = "com.apple.product-type.application";
		};
/* End PBXNativeTarget section */

/* Begin PBXProject section */
		1E786FDE23FC015B00C52815 /* Project object */ = {
			isa = PBXProject;
			attributes = {
				LastSwiftUpdateCheck = 1130;
				LastUpgradeCheck = 1130;
				ORGANIZATIONNAME = iowncode;
				TargetAttributes = {
					1E786FE523FC015B00C52815 = {
						CreatedOnToolsVersion = 11.3;
					};
				};
			};
			buildConfigurationList = 1E786FE123FC015B00C52815 /* Build configuration list for PBXProject "SwiftUIHNSentiments" */;
			compatibilityVersion = "Xcode 9.3";
			developmentRegion = en;
			hasScannedForEncodings = 0;
			knownRegions = (
				en,
				Base,
			);
			mainGroup = 1E786FDD23FC015A00C52815;
			productRefGroup = 1E786FE723FC015B00C52815 /* Products */;
			projectDirPath = "";
			projectRoot = "";
			targets = (
				1E786FE523FC015B00C52815 /* SwiftUIHNSentiments */,
			);
		};
/* End PBXProject section */

/* Begin PBXResourcesBuildPhase section */
		1E786FE423FC015B00C52815 /* Resources */ = {
			isa = PBXResourcesBuildPhase;
			buildActionMask = 2147483647;
			files = (
				1E786FF623FC015E00C52815 /* LaunchScreen.storyboard in Resources */,
				1E786FF323FC015E00C52815 /* Preview Assets.xcassets in Resources */,
				1E786FF023FC015E00C52815 /* Assets.xcassets in Resources */,
			);
			runOnlyForDeploymentPostprocessing = 0;
		};
/* End PBXResourcesBuildPhase section */

/* Begin PBXSourcesBuildPhase section */
		1E786FE223FC015B00C52815 /* Sources */ = {
			isa = PBXSourcesBuildPhase;
			buildActionMask = 2147483647;
			files = (
				1E786FEA23FC015B00C52815 /* AppDelegate.swift in Sources */,
				1E786FEC23FC015B00C52815 /* SceneDelegate.swift in Sources */,
				1E786FFE23FDC8A100C52815 /* CommentView.swift in Sources */,
				1E786FEE23FC015B00C52815 /* ContentView.swift in Sources */,
				1E78700223FDC9B500C52815 /* Models.swift in Sources */,
			);
			runOnlyForDeploymentPostprocessing = 0;
		};
/* End PBXSourcesBuildPhase section */

/* Begin PBXVariantGroup section */
		1E786FF423FC015E00C52815 /* LaunchScreen.storyboard */ = {
			isa = PBXVariantGroup;
			children = (
				1E786FF523FC015E00C52815 /* Base */,
			);
			name = LaunchScreen.storyboard;
			sourceTree = "<group>";
		};
/* End PBXVariantGroup section */

/* Begin XCBuildConfiguration section */
		1E786FF823FC015E00C52815 /* Debug */ = {
			isa = XCBuildConfiguration;
			buildSettings = {
				ALWAYS_SEARCH_USER_PATHS = NO;
				CLANG_ANALYZER_NONNULL = YES;
				CLANG_ANALYZER_NUMBER_OBJECT_CONVERSION = YES_AGGRESSIVE;
				CLANG_CXX_LANGUAGE_STANDARD = "gnu++14";
				CLANG_CXX_LIBRARY = "libc++";
				CLANG_ENABLE_MODULES = YES;
				CLANG_ENABLE_OBJC_ARC = YES;
				CLANG_ENABLE_OBJC_WEAK = YES;
				CLANG_WARN_BLOCK_CAPTURE_AUTORELEASING = YES;
				CLANG_WARN_BOOL_CONVERSION = YES;
				CLANG_WARN_COMMA = YES;
				CLANG_WARN_CONSTANT_CONVERSION = YES;
				CLANG_WARN_DEPRECATED_OBJC_IMPLEMENTATIONS = YES;
				CLANG_WARN_DIRECT_OBJC_ISA_USAGE = YES_ERROR;
				CLANG_WARN_DOCUMENTATION_COMMENTS = YES;
				CLANG_WARN_EMPTY_BODY = YES;
				CLANG_WARN_ENUM_CONVERSION = YES;
				CLANG_WARN_INFINITE_RECURSION = YES;
				CLANG_WARN_INT_CONVERSION = YES;
				CLANG_WARN_NON_LITERAL_NULL_CONVERSION = YES;
				CLANG_WARN_OBJC_IMPLICIT_RETAIN_SELF = YES;
				CLANG_WARN_OBJC_LITERAL_CONVERSION = YES;
				CLANG_WARN_OBJC_ROOT_CLASS = YES_ERROR;
				CLANG_WARN_RANGE_LOOP_ANALYSIS = YES;
				CLANG_WARN_STRICT_PROTOTYPES = YES;
				CLANG_WARN_SUSPICIOUS_MOVE = YES;
				CLANG_WARN_UNGUARDED_AVAILABILITY = YES_AGGRESSIVE;
				CLANG_WARN_UNREACHABLE_CODE = YES;
				CLANG_WARN__DUPLICATE_METHOD_MATCH = YES;
				COPY_PHASE_STRIP = NO;
				DEBUG_INFORMATION_FORMAT = dwarf;
				ENABLE_STRICT_OBJC_MSGSEND = YES;
				ENABLE_TESTABILITY = YES;
				GCC_C_LANGUAGE_STANDARD = gnu11;
				GCC_DYNAMIC_NO_PIC = NO;
				GCC_NO_COMMON_BLOCKS = YES;
				GCC_OPTIMIZATION_LEVEL = 0;
				GCC_PREPROCESSOR_DEFINITIONS = (
					"DEBUG=1",
					"$(inherited)",
				);
				GCC_WARN_64_TO_32_BIT_CONVERSION = YES;
				GCC_WARN_ABOUT_RETURN_TYPE = YES_ERROR;
				GCC_WARN_UNDECLARED_SELECTOR = YES;
				GCC_WARN_UNINITIALIZED_AUTOS = YES_AGGRESSIVE;
				GCC_WARN_UNUSED_FUNCTION = YES;
				GCC_WARN_UNUSED_VARIABLE = YES;
				IPHONEOS_DEPLOYMENT_TARGET = 13.2;
				MTL_ENABLE_DEBUG_INFO = INCLUDE_SOURCE;
				MTL_FAST_MATH = YES;
				ONLY_ACTIVE_ARCH = YES;
				SDKROOT = iphoneos;
				SWIFT_ACTIVE_COMPILATION_CONDITIONS = DEBUG;
				SWIFT_OPTIMIZATION_LEVEL = "-Onone";
			};
			name = Debug;
		};
		1E786FF923FC015E00C52815 /* Release */ = {
			isa = XCBuildConfiguration;
			buildSettings = {
				ALWAYS_SEARCH_USER_PATHS = NO;
				CLANG_ANALYZER_NONNULL = YES;
				CLANG_ANALYZER_NUMBER_OBJECT_CONVERSION = YES_AGGRESSIVE;
				CLANG_CXX_LANGUAGE_STANDARD = "gnu++14";
				CLANG_CXX_LIBRARY = "libc++";
				CLANG_ENABLE_MODULES = YES;
				CLANG_ENABLE_OBJC_ARC = YES;
				CLANG_ENABLE_OBJC_WEAK = YES;
				CLANG_WARN_BLOCK_CAPTURE_AUTORELEASING = YES;
				CLANG_WARN_BOOL_CONVERSION = YES;
				CLANG_WARN_COMMA = YES;
				CLANG_WARN_CONSTANT_CONVERSION = YES;
				CLANG_WARN_DEPRECATED_OBJC_IMPLEMENTATIONS = YES;
				CLANG_WARN_DIRECT_OBJC_ISA_USAGE = YES_ERROR;
				CLANG_WARN_DOCUMENTATION_COMMENTS = YES;
				CLANG_WARN_EMPTY_BODY = YES;
				CLANG_WARN_ENUM_CONVERSION = YES;
				CLANG_WARN_INFINITE_RECURSION = YES;
				CLANG_WARN_INT_CONVERSION = YES;
				CLANG_WARN_NON_LITERAL_NULL_CONVERSION = YES;
				CLANG_WARN_OBJC_IMPLICIT_RETAIN_SELF = YES;
				CLANG_WARN_OBJC_LITERAL_CONVERSION = YES;
				CLANG_WARN_OBJC_ROOT_CLASS = YES_ERROR;
				CLANG_WARN_RANGE_LOOP_ANALYSIS = YES;
				CLANG_WARN_STRICT_PROTOTYPES = YES;
				CLANG_WARN_SUSPICIOUS_MOVE = YES;
				CLANG_WARN_UNGUARDED_AVAILABILITY = YES_AGGRESSIVE;
				CLANG_WARN_UNREACHABLE_CODE = YES;
				CLANG_WARN__DUPLICATE_METHOD_MATCH = YES;
				COPY_PHASE_STRIP = NO;
				DEBUG_INFORMATION_FORMAT = "dwarf-with-dsym";
				ENABLE_NS_ASSERTIONS = NO;
				ENABLE_STRICT_OBJC_MSGSEND = YES;
				GCC_C_LANGUAGE_STANDARD = gnu11;
				GCC_NO_COMMON_BLOCKS = YES;
				GCC_WARN_64_TO_32_BIT_CONVERSION = YES;
				GCC_WARN_ABOUT_RETURN_TYPE = YES_ERROR;
				GCC_WARN_UNDECLARED_SELECTOR = YES;
				GCC_WARN_UNINITIALIZED_AUTOS = YES_AGGRESSIVE;
				GCC_WARN_UNUSED_FUNCTION = YES;
				GCC_WARN_UNUSED_VARIABLE = YES;
				IPHONEOS_DEPLOYMENT_TARGET = 13.2;
				MTL_ENABLE_DEBUG_INFO = NO;
				MTL_FAST_MATH = YES;
				SDKROOT = iphoneos;
				SWIFT_COMPILATION_MODE = wholemodule;
				SWIFT_OPTIMIZATION_LEVEL = "-O";
				VALIDATE_PRODUCT = YES;
			};
			name = Release;
		};
		1E786FFB23FC015E00C52815 /* Debug */ = {
			isa = XCBuildConfiguration;
			buildSettings = {
				ASSETCATALOG_COMPILER_APPICON_NAME = AppIcon;
				CODE_SIGN_STYLE = Automatic;
				DEVELOPMENT_ASSET_PATHS = "\"SwiftUIHNSentiments/Preview Content\"";
				DEVELOPMENT_TEAM = M6P56H6G97;
				ENABLE_PREVIEWS = YES;
				INFOPLIST_FILE = SwiftUIHNSentiments/Info.plist;
				LD_RUNPATH_SEARCH_PATHS = (
					"$(inherited)",
					"@executable_path/Frameworks",
				);
				PRODUCT_BUNDLE_IDENTIFIER = com.iowncode.SwiftUIHNSentiments;
				PRODUCT_NAME = "$(TARGET_NAME)";
				SWIFT_VERSION = 5.0;
				TARGETED_DEVICE_FAMILY = "1,2";
			};
			name = Debug;
		};
		1E786FFC23FC015E00C52815 /* Release */ = {
			isa = XCBuildConfiguration;
			buildSettings = {
				ASSETCATALOG_COMPILER_APPICON_NAME = AppIcon;
				CODE_SIGN_STYLE = Automatic;
				DEVELOPMENT_ASSET_PATHS = "\"SwiftUIHNSentiments/Preview Content\"";
				DEVELOPMENT_TEAM = M6P56H6G97;
				ENABLE_PREVIEWS = YES;
				INFOPLIST_FILE = SwiftUIHNSentiments/Info.plist;
				LD_RUNPATH_SEARCH_PATHS = (
					"$(inherited)",
					"@executable_path/Frameworks",
				);
				PRODUCT_BUNDLE_IDENTIFIER = com.iowncode.SwiftUIHNSentiments;
				PRODUCT_NAME = "$(TARGET_NAME)";
				SWIFT_VERSION = 5.0;
				TARGETED_DEVICE_FAMILY = "1,2";
			};
			name = Release;
		};
/* End XCBuildConfiguration section */

/* Begin XCConfigurationList section */
		1E786FE123FC015B00C52815 /* Build configuration list for PBXProject "SwiftUIHNSentiments" */ = {
			isa = XCConfigurationList;
			buildConfigurations = (
				1E786FF823FC015E00C52815 /* Debug */,
				1E786FF923FC015E00C52815 /* Release */,
			);
			defaultConfigurationIsVisible = 0;
			defaultConfigurationName = Release;
		};
		1E786FFA23FC015E00C52815 /* Build configuration list for PBXNativeTarget "SwiftUIHNSentiments" */ = {
			isa = XCConfigurationList;
			buildConfigurations = (
				1E786FFB23FC015E00C52815 /* Debug */,
				1E786FFC23FC015E00C52815 /* Release */,
			);
			defaultConfigurationIsVisible = 0;
			defaultConfigurationName = Release;
		};
/* End XCConfigurationList section */
	};
	rootObject = 1E786FDE23FC015B00C52815 /* Project object */;
}
