// !$*UTF8*$!
{
	archiveVersion = 1;
	classes = {
	};
	objectVersion = 50;
	objects = {

/* Begin PBXBuildFile section */
		1E2774342375E9C300E8E156 /* AppDelegate.swift in Sources */ = {isa = PBXBuildFile; fileRef = 1E2774332375E9C300E8E156 /* AppDelegate.swift */; };
		1E2774362375E9C300E8E156 /* SceneDelegate.swift in Sources */ = {isa = PBXBuildFile; fileRef = 1E2774352375E9C300E8E156 /* SceneDelegate.swift */; };
		1E2774382375E9C300E8E156 /* ViewController.swift in Sources */ = {isa = PBXBuildFile; fileRef = 1E2774372375E9C300E8E156 /* ViewController.swift */; };
		1E27743B2375E9C300E8E156 /* Main.storyboard in Resources */ = {isa = PBXBuildFile; fileRef = 1E2774392375E9C300E8E156 /* Main.storyboard */; };
		1E27743D2375E9C600E8E156 /* Assets.xcassets in Resources */ = {isa = PBXBuildFile; fileRef = 1E27743C2375E9C600E8E156 /* Assets.xcassets */; };
		1E2774402375E9C600E8E156 /* LaunchScreen.storyboard in Resources */ = {isa = PBXBuildFile; fileRef = 1E27743E2375E9C600E8E156 /* LaunchScreen.storyboard */; };
		1E2774482375EBF000E8E156 /* GenderSoundClassification.mlmodel in Sources */ = {isa = PBXBuildFile; fileRef = 1E2774472375EBF000E8E156 /* GenderSoundClassification.mlmodel */; };
/* End PBXBuildFile section */

/* Begin PBXFileReference section */
		1E2774302375E9C300E8E156 /* SoundClassificationCoreML3.app */ = {isa = PBXFileReference; explicitFileType = wrapper.application; includeInIndex = 0; path = SoundClassificationCoreML3.app; sourceTree = BUILT_PRODUCTS_DIR; };
		1E2774332375E9C300E8E156 /* AppDelegate.swift */ = {isa = PBXFileReference; lastKnownFileType = sourcecode.swift; path = AppDelegate.swift; sourceTree = "<group>"; };
		1E2774352375E9C300E8E156 /* SceneDelegate.swift */ = {isa = PBXFileReference; lastKnownFileType = sourcecode.swift; path = SceneDelegate.swift; sourceTree = "<group>"; };
		1E2774372375E9C300E8E156 /* ViewController.swift */ = {isa = PBXFileReference; lastKnownFileType = sourcecode.swift; path = ViewController.swift; sourceTree = "<group>"; };
		1E27743A2375E9C300E8E156 /* Base */ = {isa = PBXFileReference; lastKnownFileType = file.storyboard; name = Base; path = Base.lproj/Main.storyboard; sourceTree = "<group>"; };
		1E27743C2375E9C600E8E156 /* Assets.xcassets */ = {isa = PBXFileReference; lastKnownFileType = folder.assetcatalog; path = Assets.xcassets; sourceTree = "<group>"; };
		1E27743F2375E9C600E8E156 /* Base */ = {isa = PBXFileReference; lastKnownFileType = file.storyboard; name = Base; path = Base.lproj/LaunchScreen.storyboard; sourceTree = "<group>"; };
		1E2774412375E9C600E8E156 /* Info.plist */ = {isa = PBXFileReference; lastKnownFileType = text.plist.xml; path = Info.plist; sourceTree = "<group>"; };
		1E2774472375EBF000E8E156 /* GenderSoundClassification.mlmodel */ = {isa = PBXFileReference; lastKnownFileType = file.mlmodel; path = GenderSoundClassification.mlmodel; sourceTree = "<group>"; };
/* End PBXFileReference section */

/* Begin PBXFrameworksBuildPhase section */
		1E27742D2375E9C300E8E156 /* Frameworks */ = {
			isa = PBXFrameworksBuildPhase;
			buildActionMask = 2147483647;
			files = (
			);
			runOnlyForDeploymentPostprocessing = 0;
		};
/* End PBXFrameworksBuildPhase section */

/* Begin PBXGroup section */
		1E2774272375E9C300E8E156 = {
			isa = PBXGroup;
			children = (
				1E2774322375E9C300E8E156 /* SoundClassificationCoreML3 */,
				1E2774312375E9C300E8E156 /* Products */,
			);
			sourceTree = "<group>";
		};
		1E2774312375E9C300E8E156 /* Products */ = {
			isa = PBXGroup;
			children = (
				1E2774302375E9C300E8E156 /* SoundClassificationCoreML3.app */,
			);
			name = Products;
			sourceTree = "<group>";
		};
		1E2774322375E9C300E8E156 /* SoundClassificationCoreML3 */ = {
			isa = PBXGroup;
			children = (
				1E2774332375E9C300E8E156 /* AppDelegate.swift */,
				1E2774472375EBF000E8E156 /* GenderSoundClassification.mlmodel */,
				1E2774352375E9C300E8E156 /* SceneDelegate.swift */,
				1E2774372375E9C300E8E156 /* ViewController.swift */,
				1E2774392375E9C300E8E156 /* Main.storyboard */,
				1E27743C2375E9C600E8E156 /* Assets.xcassets */,
				1E27743E2375E9C600E8E156 /* LaunchScreen.storyboard */,
				1E2774412375E9C600E8E156 /* Info.plist */,
			);
			path = SoundClassificationCoreML3;
			sourceTree = "<group>";
		};
/* End PBXGroup section */

/* Begin PBXNativeTarget section */
		1E27742F2375E9C300E8E156 /* SoundClassificationCoreML3 */ = {
			isa = PBXNativeTarget;
			buildConfigurationList = 1E2774442375E9C600E8E156 /* Build configuration list for PBXNativeTarget "SoundClassificationCoreML3" */;
			buildPhases = (
				1E27742C2375E9C300E8E156 /* Sources */,
				1E27742D2375E9C300E8E156 /* Frameworks */,
				1E27742E2375E9C300E8E156 /* Resources */,
			);
			buildRules = (
			);
			dependencies = (
			);
			name = SoundClassificationCoreML3;
			productName = SoundClassificationCoreML3;
			productReference = 1E2774302375E9C300E8E156 /* SoundClassificationCoreML3.app */;
			productType = "com.apple.product-type.application";
		};
/* End PBXNativeTarget section */

/* Begin PBXProject section */
		1E2774282375E9C300E8E156 /* Project object */ = {
			isa = PBXProject;
			attributes = {
				LastSwiftUpdateCheck = 1120;
				LastUpgradeCheck = 1120;
				ORGANIZATIONNAME = iowncode;
				TargetAttributes = {
					1E27742F2375E9C300E8E156 = {
						CreatedOnToolsVersion = 11.2;
					};
				};
			};
			buildConfigurationList = 1E27742B2375E9C300E8E156 /* Build configuration list for PBXProject "SoundClassificationCoreML3" */;
			compatibilityVersion = "Xcode 9.3";
			developmentRegion = en;
			hasScannedForEncodings = 0;
			knownRegions = (
				en,
				Base,
			);
			mainGroup = 1E2774272375E9C300E8E156;
			productRefGroup = 1E2774312375E9C300E8E156 /* Products */;
			projectDirPath = "";
			projectRoot = "";
			targets = (
				1E27742F2375E9C300E8E156 /* SoundClassificationCoreML3 */,
			);
		};
/* End PBXProject section */

/* Begin PBXResourcesBuildPhase section */
		1E27742E2375E9C300E8E156 /* Resources */ = {
			isa = PBXResourcesBuildPhase;
			buildActionMask = 2147483647;
			files = (
				1E2774402375E9C600E8E156 /* LaunchScreen.storyboard in Resources */,
				1E27743D2375E9C600E8E156 /* Assets.xcassets in Resources */,
				1E27743B2375E9C300E8E156 /* Main.storyboard in Resources */,
			);
			runOnlyForDeploymentPostprocessing = 0;
		};
/* End PBXResourcesBuildPhase section */

/* Begin PBXSourcesBuildPhase section */
		1E27742C2375E9C300E8E156 /* Sources */ = {
			isa = PBXSourcesBuildPhase;
			buildActionMask = 2147483647;
			files = (
				1E2774382375E9C300E8E156 /* ViewController.swift in Sources */,
				1E2774482375EBF000E8E156 /* GenderSoundClassification.mlmodel in Sources */,
				1E2774342375E9C300E8E156 /* AppDelegate.swift in Sources */,
				1E2774362375E9C300E8E156 /* SceneDelegate.swift in Sources */,
			);
			runOnlyForDeploymentPostprocessing = 0;
		};
/* End PBXSourcesBuildPhase section */

/* Begin PBXVariantGroup section */
		1E2774392375E9C300E8E156 /* Main.storyboard */ = {
			isa = PBXVariantGroup;
			children = (
				1E27743A2375E9C300E8E156 /* Base */,
			);
			name = Main.storyboard;
			sourceTree = "<group>";
		};
		1E27743E2375E9C600E8E156 /* LaunchScreen.storyboard */ = {
			isa = PBXVariantGroup;
			children = (
				1E27743F2375E9C600E8E156 /* Base */,
			);
			name = LaunchScreen.storyboard;
			sourceTree = "<group>";
		};
/* End PBXVariantGroup section */

/* Begin XCBuildConfiguration section */
		1E2774422375E9C600E8E156 /* Debug */ = {
			isa = XCBuildConfiguration;
			buildSettings = {
				ALWAYS_SEARCH_USER_PATHS = NO;
				CLANG_ANALYZER_NONNULL = YES;
				CLANG_ANALYZER_NUMBER_OBJECT_CONVERSION = YES_AGGRESSIVE;
				CLANG_CXX_LANGUAGE_STANDARD = "gnu++14";
				CLANG_CXX_LIBRARY = "libc++";
				CLANG_ENABLE_MODULES = YES;
				CLANG_ENABLE_OBJC_ARC = YES;
				CLANG_ENABLE_OBJC_WEAK = YES;
				CLANG_WARN_BLOCK_CAPTURE_AUTORELEASING = YES;
				CLANG_WARN_BOOL_CONVERSION = YES;
				CLANG_WARN_COMMA = YES;
				CLANG_WARN_CONSTANT_CONVERSION = YES;
				CLANG_WARN_DEPRECATED_OBJC_IMPLEMENTATIONS = YES;
				CLANG_WARN_DIRECT_OBJC_ISA_USAGE = YES_ERROR;
				CLANG_WARN_DOCUMENTATION_COMMENTS = YES;
				CLANG_WARN_EMPTY_BODY = YES;
				CLANG_WARN_ENUM_CONVERSION = YES;
				CLANG_WARN_INFINITE_RECURSION = YES;
				CLANG_WARN_INT_CONVERSION = YES;
				CLANG_WARN_NON_LITERAL_NULL_CONVERSION = YES;
				CLANG_WARN_OBJC_IMPLICIT_RETAIN_SELF = YES;
				CLANG_WARN_OBJC_LITERAL_CONVERSION = YES;
				CLANG_WARN_OBJC_ROOT_CLASS = YES_ERROR;
				CLANG_WARN_RANGE_LOOP_ANALYSIS = YES;
				CLANG_WARN_STRICT_PROTOTYPES = YES;
				CLANG_WARN_SUSPICIOUS_MOVE = YES;
				CLANG_WARN_UNGUARDED_AVAILABILITY = YES_AGGRESSIVE;
				CLANG_WARN_UNREACHABLE_CODE = YES;
				CLANG_WARN__DUPLICATE_METHOD_MATCH = YES;
				COPY_PHASE_STRIP = NO;
				DEBUG_INFORMATION_FORMAT = dwarf;
				ENABLE_STRICT_OBJC_MSGSEND = YES;
				ENABLE_TESTABILITY = YES;
				GCC_C_LANGUAGE_STANDARD = gnu11;
				GCC_DYNAMIC_NO_PIC = NO;
				GCC_NO_COMMON_BLOCKS = YES;
				GCC_OPTIMIZATION_LEVEL = 0;
				GCC_PREPROCESSOR_DEFINITIONS = (
					"DEBUG=1",
					"$(inherited)",
				);
				GCC_WARN_64_TO_32_BIT_CONVERSION = YES;
				GCC_WARN_ABOUT_RETURN_TYPE = YES_ERROR;
				GCC_WARN_UNDECLARED_SELECTOR = YES;
				GCC_WARN_UNINITIALIZED_AUTOS = YES_AGGRESSIVE;
				GCC_WARN_UNUSED_FUNCTION = YES;
				GCC_WARN_UNUSED_VARIABLE = YES;
				IPHONEOS_DEPLOYMENT_TARGET = 13.2;
				MTL_ENABLE_DEBUG_INFO = INCLUDE_SOURCE;
				MTL_FAST_MATH = YES;
				ONLY_ACTIVE_ARCH = YES;
				SDKROOT = iphoneos;
				SWIFT_ACTIVE_COMPILATION_CONDITIONS = DEBUG;
				SWIFT_OPTIMIZATION_LEVEL = "-Onone";
			};
			name = Debug;
		};
		1E2774432375E9C600E8E156 /* Release */ = {
			isa = XCBuildConfiguration;
			buildSettings = {
				ALWAYS_SEARCH_USER_PATHS = NO;
				CLANG_ANALYZER_NONNULL = YES;
				CLANG_ANALYZER_NUMBER_OBJECT_CONVERSION = YES_AGGRESSIVE;
				CLANG_CXX_LANGUAGE_STANDARD = "gnu++14";
				CLANG_CXX_LIBRARY = "libc++";
				CLANG_ENABLE_MODULES = YES;
				CLANG_ENABLE_OBJC_ARC = YES;
				CLANG_ENABLE_OBJC_WEAK = YES;
				CLANG_WARN_BLOCK_CAPTURE_AUTORELEASING = YES;
				CLANG_WARN_BOOL_CONVERSION = YES;
				CLANG_WARN_COMMA = YES;
				CLANG_WARN_CONSTANT_CONVERSION = YES;
				CLANG_WARN_DEPRECATED_OBJC_IMPLEMENTATIONS = YES;
				CLANG_WARN_DIRECT_OBJC_ISA_USAGE = YES_ERROR;
				CLANG_WARN_DOCUMENTATION_COMMENTS = YES;
				CLANG_WARN_EMPTY_BODY = YES;
				CLANG_WARN_ENUM_CONVERSION = YES;
				CLANG_WARN_INFINITE_RECURSION = YES;
				CLANG_WARN_INT_CONVERSION = YES;
				CLANG_WARN_NON_LITERAL_NULL_CONVERSION = YES;
				CLANG_WARN_OBJC_IMPLICIT_RETAIN_SELF = YES;
				CLANG_WARN_OBJC_LITERAL_CONVERSION = YES;
				CLANG_WARN_OBJC_ROOT_CLASS = YES_ERROR;
				CLANG_WARN_RANGE_LOOP_ANALYSIS = YES;
				CLANG_WARN_STRICT_PROTOTYPES = YES;
				CLANG_WARN_SUSPICIOUS_MOVE = YES;
				CLANG_WARN_UNGUARDED_AVAILABILITY = YES_AGGRESSIVE;
				CLANG_WARN_UNREACHABLE_CODE = YES;
				CLANG_WARN__DUPLICATE_METHOD_MATCH = YES;
				COPY_PHASE_STRIP = NO;
				DEBUG_INFORMATION_FORMAT = "dwarf-with-dsym";
				ENABLE_NS_ASSERTIONS = NO;
				ENABLE_STRICT_OBJC_MSGSEND = YES;
				GCC_C_LANGUAGE_STANDARD = gnu11;
				GCC_NO_COMMON_BLOCKS = YES;
				GCC_WARN_64_TO_32_BIT_CONVERSION = YES;
				GCC_WARN_ABOUT_RETURN_TYPE = YES_ERROR;
				GCC_WARN_UNDECLARED_SELECTOR = YES;
				GCC_WARN_UNINITIALIZED_AUTOS = YES_AGGRESSIVE;
				GCC_WARN_UNUSED_FUNCTION = YES;
				GCC_WARN_UNUSED_VARIABLE = YES;
				IPHONEOS_DEPLOYMENT_TARGET = 13.2;
				MTL_ENABLE_DEBUG_INFO = NO;
				MTL_FAST_MATH = YES;
				SDKROOT = iphoneos;
				SWIFT_COMPILATION_MODE = wholemodule;
				SWIFT_OPTIMIZATION_LEVEL = "-O";
				VALIDATE_PRODUCT = YES;
			};
			name = Release;
		};
		1E2774452375E9C600E8E156 /* Debug */ = {
			isa = XCBuildConfiguration;
			buildSettings = {
				ASSETCATALOG_COMPILER_APPICON_NAME = AppIcon;
				CODE_SIGN_STYLE = Automatic;
				DEVELOPMENT_TEAM = M6P56H6G97;
				INFOPLIST_FILE = SoundClassificationCoreML3/Info.plist;
				LD_RUNPATH_SEARCH_PATHS = (
					"$(inherited)",
					"@executable_path/Frameworks",
				);
				PRODUCT_BUNDLE_IDENTIFIER = com.iowncode.SoundClassificationCoreML3;
				PRODUCT_NAME = "$(TARGET_NAME)";
				SWIFT_VERSION = 5.0;
				TARGETED_DEVICE_FAMILY = "1,2";
			};
			name = Debug;
		};
		1E2774462375E9C600E8E156 /* Release */ = {
			isa = XCBuildConfiguration;
			buildSettings = {
				ASSETCATALOG_COMPILER_APPICON_NAME = AppIcon;
				CODE_SIGN_STYLE = Automatic;
				DEVELOPMENT_TEAM = M6P56H6G97;
				INFOPLIST_FILE = SoundClassificationCoreML3/Info.plist;
				LD_RUNPATH_SEARCH_PATHS = (
					"$(inherited)",
					"@executable_path/Frameworks",
				);
				PRODUCT_BUNDLE_IDENTIFIER = com.iowncode.SoundClassificationCoreML3;
				PRODUCT_NAME = "$(TARGET_NAME)";
				SWIFT_VERSION = 5.0;
				TARGETED_DEVICE_FAMILY = "1,2";
			};
			name = Release;
		};
/* End XCBuildConfiguration section */

/* Begin XCConfigurationList section */
		1E27742B2375E9C300E8E156 /* Build configuration list for PBXProject "SoundClassificationCoreML3" */ = {
			isa = XCConfigurationList;
			buildConfigurations = (
				1E2774422375E9C600E8E156 /* Debug */,
				1E2774432375E9C600E8E156 /* Release */,
			);
			defaultConfigurationIsVisible = 0;
			defaultConfigurationName = Release;
		};
		1E2774442375E9C600E8E156 /* Build configuration list for PBXNativeTarget "SoundClassificationCoreML3" */ = {
			isa = XCConfigurationList;
			buildConfigurations = (
				1E2774452375E9C600E8E156 /* Debug */,
				1E2774462375E9C600E8E156 /* Release */,
			);
			defaultConfigurationIsVisible = 0;
			defaultConfigurationName = Release;
		};
/* End XCConfigurationList section */
	};
	rootObject = 1E2774282375E9C300E8E156 /* Project object */;
}
