// !$*UTF8*$!
{
	archiveVersion = 1;
	classes = {
	};
	objectVersion = 50;
	objects = {

/* Begin PBXBuildFile section */
		1EF2555623D5FA460089B6A0 /* AppDelegate.swift in Sources */ = {isa = PBXBuildFile; fileRef = 1EF2555523D5FA460089B6A0 /* AppDelegate.swift */; };
		1EF2555823D5FA460089B6A0 /* ContentView.swift in Sources */ = {isa = PBXBuildFile; fileRef = 1EF2555723D5FA460089B6A0 /* ContentView.swift */; };
		1EF2555A23D5FA460089B6A0 /* Experience.rcproject in Sources */ = {isa = PBXBuildFile; fileRef = 1EF2555923D5FA460089B6A0 /* Experience.rcproject */; };
		1EF2555C23D5FA4F0089B6A0 /* Assets.xcassets in Resources */ = {isa = PBXBuildFile; fileRef = 1EF2555B23D5FA4F0089B6A0 /* Assets.xcassets */; };
		1EF2555F23D5FA4F0089B6A0 /* Preview Assets.xcassets in Resources */ = {isa = PBXBuildFile; fileRef = 1EF2555E23D5FA4F0089B6A0 /* Preview Assets.xcassets */; };
		1EF2556223D5FA4F0089B6A0 /* LaunchScreen.storyboard in Resources */ = {isa = PBXBuildFile; fileRef = 1EF2556023D5FA4F0089B6A0 /* LaunchScreen.storyboard */; };
		1EF2556A23D5FA9E0089B6A0 /* CustomEntity.swift in Sources */ = {isa = PBXBuildFile; fileRef = 1EF2556923D5FA9E0089B6A0 /* CustomEntity.swift */; };
/* End PBXBuildFile section */

/* Begin PBXFileReference section */
		1EF2555223D5FA460089B6A0 /* RealityKitCollisions.app */ = {isa = PBXFileReference; explicitFileType = wrapper.application; includeInIndex = 0; path = RealityKitCollisions.app; sourceTree = BUILT_PRODUCTS_DIR; };
		1EF2555523D5FA460089B6A0 /* AppDelegate.swift */ = {isa = PBXFileReference; lastKnownFileType = sourcecode.swift; path = AppDelegate.swift; sourceTree = "<group>"; };
		1EF2555723D5FA460089B6A0 /* ContentView.swift */ = {isa = PBXFileReference; lastKnownFileType = sourcecode.swift; path = ContentView.swift; sourceTree = "<group>"; };
		1EF2555923D5FA460089B6A0 /* Experience.rcproject */ = {isa = PBXFileReference; lastKnownFileType = file.rcproject; path = Experience.rcproject; sourceTree = "<group>"; };
		1EF2555B23D5FA4F0089B6A0 /* Assets.xcassets */ = {isa = PBXFileReference; lastKnownFileType = folder.assetcatalog; path = Assets.xcassets; sourceTree = "<group>"; };
		1EF2555E23D5FA4F0089B6A0 /* Preview Assets.xcassets */ = {isa = PBXFileReference; lastKnownFileType = folder.assetcatalog; path = "Preview Assets.xcassets"; sourceTree = "<group>"; };
		1EF2556123D5FA4F0089B6A0 /* Base */ = {isa = PBXFileReference; lastKnownFileType = file.storyboard; name = Base; path = Base.lproj/LaunchScreen.storyboard; sourceTree = "<group>"; };
		1EF2556323D5FA4F0089B6A0 /* Info.plist */ = {isa = PBXFileReference; lastKnownFileType = text.plist.xml; path = Info.plist; sourceTree = "<group>"; };
		1EF2556923D5FA9E0089B6A0 /* CustomEntity.swift */ = {isa = PBXFileReference; lastKnownFileType = sourcecode.swift; path = CustomEntity.swift; sourceTree = "<group>"; };
/* End PBXFileReference section */

/* Begin PBXFrameworksBuildPhase section */
		1EF2554F23D5FA460089B6A0 /* Frameworks */ = {
			isa = PBXFrameworksBuildPhase;
			buildActionMask = 2147483647;
			files = (
			);
			runOnlyForDeploymentPostprocessing = 0;
		};
/* End PBXFrameworksBuildPhase section */

/* Begin PBXGroup section */
		1EF2554923D5FA460089B6A0 = {
			isa = PBXGroup;
			children = (
				1EF2555423D5FA460089B6A0 /* RealityKitCollisions */,
				1EF2555323D5FA460089B6A0 /* Products */,
			);
			sourceTree = "<group>";
		};
		1EF2555323D5FA460089B6A0 /* Products */ = {
			isa = PBXGroup;
			children = (
				1EF2555223D5FA460089B6A0 /* RealityKitCollisions.app */,
			);
			name = Products;
			sourceTree = "<group>";
		};
		1EF2555423D5FA460089B6A0 /* RealityKitCollisions */ = {
			isa = PBXGroup;
			children = (
				1EF2555523D5FA460089B6A0 /* AppDelegate.swift */,
				1EF2555723D5FA460089B6A0 /* ContentView.swift */,
				1EF2555923D5FA460089B6A0 /* Experience.rcproject */,
				1EF2555B23D5FA4F0089B6A0 /* Assets.xcassets */,
				1EF2556023D5FA4F0089B6A0 /* LaunchScreen.storyboard */,
				1EF2556323D5FA4F0089B6A0 /* Info.plist */,
				1EF2555D23D5FA4F0089B6A0 /* Preview Content */,
				1EF2556923D5FA9E0089B6A0 /* CustomEntity.swift */,
			);
			path = RealityKitCollisions;
			sourceTree = "<group>";
		};
		1EF2555D23D5FA4F0089B6A0 /* Preview Content */ = {
			isa = PBXGroup;
			children = (
				1EF2555E23D5FA4F0089B6A0 /* Preview Assets.xcassets */,
			);
			path = "Preview Content";
			sourceTree = "<group>";
		};
/* End PBXGroup section */

/* Begin PBXNativeTarget section */
		1EF2555123D5FA460089B6A0 /* RealityKitCollisions */ = {
			isa = PBXNativeTarget;
			buildConfigurationList = 1EF2556623D5FA4F0089B6A0 /* Build configuration list for PBXNativeTarget "RealityKitCollisions" */;
			buildPhases = (
				1EF2554E23D5FA460089B6A0 /* Sources */,
				1EF2554F23D5FA460089B6A0 /* Frameworks */,
				1EF2555023D5FA460089B6A0 /* Resources */,
			);
			buildRules = (
			);
			dependencies = (
			);
			name = RealityKitCollisions;
			productName = RealityKitCollisions;
			productReference = 1EF2555223D5FA460089B6A0 /* RealityKitCollisions.app */;
			productType = "com.apple.product-type.application";
		};
/* End PBXNativeTarget section */

/* Begin PBXProject section */
		1EF2554A23D5FA460089B6A0 /* Project object */ = {
			isa = PBXProject;
			attributes = {
				LastSwiftUpdateCheck = 1130;
				LastUpgradeCheck = 1130;
				ORGANIZATIONNAME = iowncode;
				TargetAttributes = {
					1EF2555123D5FA460089B6A0 = {
						CreatedOnToolsVersion = 11.3;
					};
				};
			};
			buildConfigurationList = 1EF2554D23D5FA460089B6A0 /* Build configuration list for PBXProject "RealityKitCollisions" */;
			compatibilityVersion = "Xcode 9.3";
			developmentRegion = en;
			hasScannedForEncodings = 0;
			knownRegions = (
				en,
				Base,
			);
			mainGroup = 1EF2554923D5FA460089B6A0;
			productRefGroup = 1EF2555323D5FA460089B6A0 /* Products */;
			projectDirPath = "";
			projectRoot = "";
			targets = (
				1EF2555123D5FA460089B6A0 /* RealityKitCollisions */,
			);
		};
/* End PBXProject section */

/* Begin PBXResourcesBuildPhase section */
		1EF2555023D5FA460089B6A0 /* Resources */ = {
			isa = PBXResourcesBuildPhase;
			buildActionMask = 2147483647;
			files = (
				1EF2556223D5FA4F0089B6A0 /* LaunchScreen.storyboard in Resources */,
				1EF2555F23D5FA4F0089B6A0 /* Preview Assets.xcassets in Resources */,
				1EF2555C23D5FA4F0089B6A0 /* Assets.xcassets in Resources */,
			);
			runOnlyForDeploymentPostprocessing = 0;
		};
/* End PBXResourcesBuildPhase section */

/* Begin PBXSourcesBuildPhase section */
		1EF2554E23D5FA460089B6A0 /* Sources */ = {
			isa = PBXSourcesBuildPhase;
			buildActionMask = 2147483647;
			files = (
				1EF2555823D5FA460089B6A0 /* ContentView.swift in Sources */,
				1EF2556A23D5FA9E0089B6A0 /* CustomEntity.swift in Sources */,
				1EF2555623D5FA460089B6A0 /* AppDelegate.swift in Sources */,
				1EF2555A23D5FA460089B6A0 /* Experience.rcproject in Sources */,
			);
			runOnlyForDeploymentPostprocessing = 0;
		};
/* End PBXSourcesBuildPhase section */

/* Begin PBXVariantGroup section */
		1EF2556023D5FA4F0089B6A0 /* LaunchScreen.storyboard */ = {
			isa = PBXVariantGroup;
			children = (
				1EF2556123D5FA4F0089B6A0 /* Base */,
			);
			name = LaunchScreen.storyboard;
			sourceTree = "<group>";
		};
/* End PBXVariantGroup section */

/* Begin XCBuildConfiguration section */
		1EF2556423D5FA4F0089B6A0 /* Debug */ = {
			isa = XCBuildConfiguration;
			buildSettings = {
				ALWAYS_SEARCH_USER_PATHS = NO;
				CLANG_ANALYZER_NONNULL = YES;
				CLANG_ANALYZER_NUMBER_OBJECT_CONVERSION = YES_AGGRESSIVE;
				CLANG_CXX_LANGUAGE_STANDARD = "gnu++14";
				CLANG_CXX_LIBRARY = "libc++";
				CLANG_ENABLE_MODULES = YES;
				CLANG_ENABLE_OBJC_ARC = YES;
				CLANG_ENABLE_OBJC_WEAK = YES;
				CLANG_WARN_BLOCK_CAPTURE_AUTORELEASING = YES;
				CLANG_WARN_BOOL_CONVERSION = YES;
				CLANG_WARN_COMMA = YES;
				CLANG_WARN_CONSTANT_CONVERSION = YES;
				CLANG_WARN_DEPRECATED_OBJC_IMPLEMENTATIONS = YES;
				CLANG_WARN_DIRECT_OBJC_ISA_USAGE = YES_ERROR;
				CLANG_WARN_DOCUMENTATION_COMMENTS = YES;
				CLANG_WARN_EMPTY_BODY = YES;
				CLANG_WARN_ENUM_CONVERSION = YES;
				CLANG_WARN_INFINITE_RECURSION = YES;
				CLANG_WARN_INT_CONVERSION = YES;
				CLANG_WARN_NON_LITERAL_NULL_CONVERSION = YES;
				CLANG_WARN_OBJC_IMPLICIT_RETAIN_SELF = YES;
				CLANG_WARN_OBJC_LITERAL_CONVERSION = YES;
				CLANG_WARN_OBJC_ROOT_CLASS = YES_ERROR;
				CLANG_WARN_RANGE_LOOP_ANALYSIS = YES;
				CLANG_WARN_STRICT_PROTOTYPES = YES;
				CLANG_WARN_SUSPICIOUS_MOVE = YES;
				CLANG_WARN_UNGUARDED_AVAILABILITY = YES_AGGRESSIVE;
				CLANG_WARN_UNREACHABLE_CODE = YES;
				CLANG_WARN__DUPLICATE_METHOD_MATCH = YES;
				COPY_PHASE_STRIP = NO;
				DEBUG_INFORMATION_FORMAT = dwarf;
				ENABLE_STRICT_OBJC_MSGSEND = YES;
				ENABLE_TESTABILITY = YES;
				GCC_C_LANGUAGE_STANDARD = gnu11;
				GCC_DYNAMIC_NO_PIC = NO;
				GCC_NO_COMMON_BLOCKS = YES;
				GCC_OPTIMIZATION_LEVEL = 0;
				GCC_PREPROCESSOR_DEFINITIONS = (
					"DEBUG=1",
					"$(inherited)",
				);
				GCC_WARN_64_TO_32_BIT_CONVERSION = YES;
				GCC_WARN_ABOUT_RETURN_TYPE = YES_ERROR;
				GCC_WARN_UNDECLARED_SELECTOR = YES;
				GCC_WARN_UNINITIALIZED_AUTOS = YES_AGGRESSIVE;
				GCC_WARN_UNUSED_FUNCTION = YES;
				GCC_WARN_UNUSED_VARIABLE = YES;
				IPHONEOS_DEPLOYMENT_TARGET = 13.2;
				MTL_ENABLE_DEBUG_INFO = INCLUDE_SOURCE;
				MTL_FAST_MATH = YES;
				ONLY_ACTIVE_ARCH = YES;
				SDKROOT = iphoneos;
				SWIFT_ACTIVE_COMPILATION_CONDITIONS = DEBUG;
				SWIFT_OPTIMIZATION_LEVEL = "-Onone";
			};
			name = Debug;
		};
		1EF2556523D5FA4F0089B6A0 /* Release */ = {
			isa = XCBuildConfiguration;
			buildSettings = {
				ALWAYS_SEARCH_USER_PATHS = NO;
				CLANG_ANALYZER_NONNULL = YES;
				CLANG_ANALYZER_NUMBER_OBJECT_CONVERSION = YES_AGGRESSIVE;
				CLANG_CXX_LANGUAGE_STANDARD = "gnu++14";
				CLANG_CXX_LIBRARY = "libc++";
				CLANG_ENABLE_MODULES = YES;
				CLANG_ENABLE_OBJC_ARC = YES;
				CLANG_ENABLE_OBJC_WEAK = YES;
				CLANG_WARN_BLOCK_CAPTURE_AUTORELEASING = YES;
				CLANG_WARN_BOOL_CONVERSION = YES;
				CLANG_WARN_COMMA = YES;
				CLANG_WARN_CONSTANT_CONVERSION = YES;
				CLANG_WARN_DEPRECATED_OBJC_IMPLEMENTATIONS = YES;
				CLANG_WARN_DIRECT_OBJC_ISA_USAGE = YES_ERROR;
				CLANG_WARN_DOCUMENTATION_COMMENTS = YES;
				CLANG_WARN_EMPTY_BODY = YES;
				CLANG_WARN_ENUM_CONVERSION = YES;
				CLANG_WARN_INFINITE_RECURSION = YES;
				CLANG_WARN_INT_CONVERSION = YES;
				CLANG_WARN_NON_LITERAL_NULL_CONVERSION = YES;
				CLANG_WARN_OBJC_IMPLICIT_RETAIN_SELF = YES;
				CLANG_WARN_OBJC_LITERAL_CONVERSION = YES;
				CLANG_WARN_OBJC_ROOT_CLASS = YES_ERROR;
				CLANG_WARN_RANGE_LOOP_ANALYSIS = YES;
				CLANG_WARN_STRICT_PROTOTYPES = YES;
				CLANG_WARN_SUSPICIOUS_MOVE = YES;
				CLANG_WARN_UNGUARDED_AVAILABILITY = YES_AGGRESSIVE;
				CLANG_WARN_UNREACHABLE_CODE = YES;
				CLANG_WARN__DUPLICATE_METHOD_MATCH = YES;
				COPY_PHASE_STRIP = NO;
				DEBUG_INFORMATION_FORMAT = "dwarf-with-dsym";
				ENABLE_NS_ASSERTIONS = NO;
				ENABLE_STRICT_OBJC_MSGSEND = YES;
				GCC_C_LANGUAGE_STANDARD = gnu11;
				GCC_NO_COMMON_BLOCKS = YES;
				GCC_WARN_64_TO_32_BIT_CONVERSION = YES;
				GCC_WARN_ABOUT_RETURN_TYPE = YES_ERROR;
				GCC_WARN_UNDECLARED_SELECTOR = YES;
				GCC_WARN_UNINITIALIZED_AUTOS = YES_AGGRESSIVE;
				GCC_WARN_UNUSED_FUNCTION = YES;
				GCC_WARN_UNUSED_VARIABLE = YES;
				IPHONEOS_DEPLOYMENT_TARGET = 13.2;
				MTL_ENABLE_DEBUG_INFO = NO;
				MTL_FAST_MATH = YES;
				SDKROOT = iphoneos;
				SWIFT_COMPILATION_MODE = wholemodule;
				SWIFT_OPTIMIZATION_LEVEL = "-O";
				VALIDATE_PRODUCT = YES;
			};
			name = Release;
		};
		1EF2556723D5FA4F0089B6A0 /* Debug */ = {
			isa = XCBuildConfiguration;
			buildSettings = {
				ASSETCATALOG_COMPILER_APPICON_NAME = AppIcon;
				CODE_SIGN_STYLE = Automatic;
				DEVELOPMENT_ASSET_PATHS = "\"RealityKitCollisions/Preview Content\"";
				DEVELOPMENT_TEAM = M6P56H6G97;
				ENABLE_PREVIEWS = YES;
				INFOPLIST_FILE = RealityKitCollisions/Info.plist;
				LD_RUNPATH_SEARCH_PATHS = (
					"$(inherited)",
					"@executable_path/Frameworks",
				);
				PRODUCT_BUNDLE_IDENTIFIER = com.iowncode.RealityKitCollisions;
				PRODUCT_NAME = "$(TARGET_NAME)";
				SWIFT_VERSION = 5.0;
				TARGETED_DEVICE_FAMILY = "1,2";
			};
			name = Debug;
		};
		1EF2556823D5FA4F0089B6A0 /* Release */ = {
			isa = XCBuildConfiguration;
			buildSettings = {
				ASSETCATALOG_COMPILER_APPICON_NAME = AppIcon;
				CODE_SIGN_STYLE = Automatic;
				DEVELOPMENT_ASSET_PATHS = "\"RealityKitCollisions/Preview Content\"";
				DEVELOPMENT_TEAM = M6P56H6G97;
				ENABLE_PREVIEWS = YES;
				INFOPLIST_FILE = RealityKitCollisions/Info.plist;
				LD_RUNPATH_SEARCH_PATHS = (
					"$(inherited)",
					"@executable_path/Frameworks",
				);
				PRODUCT_BUNDLE_IDENTIFIER = com.iowncode.RealityKitCollisions;
				PRODUCT_NAME = "$(TARGET_NAME)";
				SWIFT_VERSION = 5.0;
				TARGETED_DEVICE_FAMILY = "1,2";
			};
			name = Release;
		};
/* End XCBuildConfiguration section */

/* Begin XCConfigurationList section */
		1EF2554D23D5FA460089B6A0 /* Build configuration list for PBXProject "RealityKitCollisions" */ = {
			isa = XCConfigurationList;
			buildConfigurations = (
				1EF2556423D5FA4F0089B6A0 /* Debug */,
				1EF2556523D5FA4F0089B6A0 /* Release */,
			);
			defaultConfigurationIsVisible = 0;
			defaultConfigurationName = Release;
		};
		1EF2556623D5FA4F0089B6A0 /* Build configuration list for PBXNativeTarget "RealityKitCollisions" */ = {
			isa = XCConfigurationList;
			buildConfigurations = (
				1EF2556723D5FA4F0089B6A0 /* Debug */,
				1EF2556823D5FA4F0089B6A0 /* Release */,
			);
			defaultConfigurationIsVisible = 0;
			defaultConfigurationName = Release;
		};
/* End XCConfigurationList section */
	};
	rootObject = 1EF2554A23D5FA460089B6A0 /* Project object */;
}
