// !$*UTF8*$!
{
	archiveVersion = 1;
	classes = {
	};
	objectVersion = 50;
	objects = {

/* Begin PBXBuildFile section */
		1E354E4323845DD600B3F717 /* AppDelegate.swift in Sources */ = {isa = PBXBuildFile; fileRef = 1E354E4223845DD600B3F717 /* AppDelegate.swift */; };
		1E354E4523845DD600B3F717 /* SceneDelegate.swift in Sources */ = {isa = PBXBuildFile; fileRef = 1E354E4423845DD600B3F717 /* SceneDelegate.swift */; };
		1E354E4723845DD600B3F717 /* ViewController.swift in Sources */ = {isa = PBXBuildFile; fileRef = 1E354E4623845DD600B3F717 /* ViewController.swift */; };
		1E354E4A23845DD600B3F717 /* Main.storyboard in Resources */ = {isa = PBXBuildFile; fileRef = 1E354E4823845DD600B3F717 /* Main.storyboard */; };
		1E354E4C23845DDA00B3F717 /* Assets.xcassets in Resources */ = {isa = PBXBuildFile; fileRef = 1E354E4B23845DDA00B3F717 /* Assets.xcassets */; };
		1E354E4F23845DDA00B3F717 /* LaunchScreen.storyboard in Resources */ = {isa = PBXBuildFile; fileRef = 1E354E4D23845DDA00B3F717 /* LaunchScreen.storyboard */; };
/* End PBXBuildFile section */

/* Begin PBXFileReference section */
		1E354E3F23845DD600B3F717 /* iOSVisionCroppingSalientFeatures.app */ = {isa = PBXFileReference; explicitFileType = wrapper.application; includeInIndex = 0; path = iOSVisionCroppingSalientFeatures.app; sourceTree = BUILT_PRODUCTS_DIR; };
		1E354E4223845DD600B3F717 /* AppDelegate.swift */ = {isa = PBXFileReference; lastKnownFileType = sourcecode.swift; path = AppDelegate.swift; sourceTree = "<group>"; };
		1E354E4423845DD600B3F717 /* SceneDelegate.swift */ = {isa = PBXFileReference; lastKnownFileType = sourcecode.swift; path = SceneDelegate.swift; sourceTree = "<group>"; };
		1E354E4623845DD600B3F717 /* ViewController.swift */ = {isa = PBXFileReference; lastKnownFileType = sourcecode.swift; path = ViewController.swift; sourceTree = "<group>"; };
		1E354E4923845DD600B3F717 /* Base */ = {isa = PBXFileReference; lastKnownFileType = file.storyboard; name = Base; path = Base.lproj/Main.storyboard; sourceTree = "<group>"; };
		1E354E4B23845DDA00B3F717 /* Assets.xcassets */ = {isa = PBXFileReference; lastKnownFileType = folder.assetcatalog; path = Assets.xcassets; sourceTree = "<group>"; };
		1E354E4E23845DDA00B3F717 /* Base */ = {isa = PBXFileReference; lastKnownFileType = file.storyboard; name = Base; path = Base.lproj/LaunchScreen.storyboard; sourceTree = "<group>"; };
		1E354E5023845DDA00B3F717 /* Info.plist */ = {isa = PBXFileReference; lastKnownFileType = text.plist.xml; path = Info.plist; sourceTree = "<group>"; };
/* End PBXFileReference section */

/* Begin PBXFrameworksBuildPhase section */
		1E354E3C23845DD600B3F717 /* Frameworks */ = {
			isa = PBXFrameworksBuildPhase;
			buildActionMask = 2147483647;
			files = (
			);
			runOnlyForDeploymentPostprocessing = 0;
		};
/* End PBXFrameworksBuildPhase section */

/* Begin PBXGroup section */
		1E354E3623845DD600B3F717 = {
			isa = PBXGroup;
			children = (
				1E354E4123845DD600B3F717 /* iOSVisionCroppingSalientFeatures */,
				1E354E4023845DD600B3F717 /* Products */,
			);
			sourceTree = "<group>";
		};
		1E354E4023845DD600B3F717 /* Products */ = {
			isa = PBXGroup;
			children = (
				1E354E3F23845DD600B3F717 /* iOSVisionCroppingSalientFeatures.app */,
			);
			name = Products;
			sourceTree = "<group>";
		};
		1E354E4123845DD600B3F717 /* iOSVisionCroppingSalientFeatures */ = {
			isa = PBXGroup;
			children = (
				1E354E4223845DD600B3F717 /* AppDelegate.swift */,
				1E354E4423845DD600B3F717 /* SceneDelegate.swift */,
				1E354E4623845DD600B3F717 /* ViewController.swift */,
				1E354E4823845DD600B3F717 /* Main.storyboard */,
				1E354E4B23845DDA00B3F717 /* Assets.xcassets */,
				1E354E4D23845DDA00B3F717 /* LaunchScreen.storyboard */,
				1E354E5023845DDA00B3F717 /* Info.plist */,
			);
			path = iOSVisionCroppingSalientFeatures;
			sourceTree = "<group>";
		};
/* End PBXGroup section */

/* Begin PBXNativeTarget section */
		1E354E3E23845DD600B3F717 /* iOSVisionCroppingSalientFeatures */ = {
			isa = PBXNativeTarget;
			buildConfigurationList = 1E354E5323845DDA00B3F717 /* Build configuration list for PBXNativeTarget "iOSVisionCroppingSalientFeatures" */;
			buildPhases = (
				1E354E3B23845DD600B3F717 /* Sources */,
				1E354E3C23845DD600B3F717 /* Frameworks */,
				1E354E3D23845DD600B3F717 /* Resources */,
			);
			buildRules = (
			);
			dependencies = (
			);
			name = iOSVisionCroppingSalientFeatures;
			productName = iOSVisionCroppingSalientFeatures;
			productReference = 1E354E3F23845DD600B3F717 /* iOSVisionCroppingSalientFeatures.app */;
			productType = "com.apple.product-type.application";
		};
/* End PBXNativeTarget section */

/* Begin PBXProject section */
		1E354E3723845DD600B3F717 /* Project object */ = {
			isa = PBXProject;
			attributes = {
				LastSwiftUpdateCheck = 1130;
				LastUpgradeCheck = 1130;
				ORGANIZATIONNAME = iowncode;
				TargetAttributes = {
					1E354E3E23845DD600B3F717 = {
						CreatedOnToolsVersion = 11.3;
					};
				};
			};
			buildConfigurationList = 1E354E3A23845DD600B3F717 /* Build configuration list for PBXProject "iOSVisionCroppingSalientFeatures" */;
			compatibilityVersion = "Xcode 9.3";
			developmentRegion = en;
			hasScannedForEncodings = 0;
			knownRegions = (
				en,
				Base,
			);
			mainGroup = 1E354E3623845DD600B3F717;
			productRefGroup = 1E354E4023845DD600B3F717 /* Products */;
			projectDirPath = "";
			projectRoot = "";
			targets = (
				1E354E3E23845DD600B3F717 /* iOSVisionCroppingSalientFeatures */,
			);
		};
/* End PBXProject section */

/* Begin PBXResourcesBuildPhase section */
		1E354E3D23845DD600B3F717 /* Resources */ = {
			isa = PBXResourcesBuildPhase;
			buildActionMask = 2147483647;
			files = (
				1E354E4F23845DDA00B3F717 /* LaunchScreen.storyboard in Resources */,
				1E354E4C23845DDA00B3F717 /* Assets.xcassets in Resources */,
				1E354E4A23845DD600B3F717 /* Main.storyboard in Resources */,
			);
			runOnlyForDeploymentPostprocessing = 0;
		};
/* End PBXResourcesBuildPhase section */

/* Begin PBXSourcesBuildPhase section */
		1E354E3B23845DD600B3F717 /* Sources */ = {
			isa = PBXSourcesBuildPhase;
			buildActionMask = 2147483647;
			files = (
				1E354E4723845DD600B3F717 /* ViewController.swift in Sources */,
				1E354E4323845DD600B3F717 /* AppDelegate.swift in Sources */,
				1E354E4523845DD600B3F717 /* SceneDelegate.swift in Sources */,
			);
			runOnlyForDeploymentPostprocessing = 0;
		};
/* End PBXSourcesBuildPhase section */

/* Begin PBXVariantGroup section */
		1E354E4823845DD600B3F717 /* Main.storyboard */ = {
			isa = PBXVariantGroup;
			children = (
				1E354E4923845DD600B3F717 /* Base */,
			);
			name = Main.storyboard;
			sourceTree = "<group>";
		};
		1E354E4D23845DDA00B3F717 /* LaunchScreen.storyboard */ = {
			isa = PBXVariantGroup;
			children = (
				1E354E4E23845DDA00B3F717 /* Base */,
			);
			name = LaunchScreen.storyboard;
			sourceTree = "<group>";
		};
/* End PBXVariantGroup section */

/* Begin XCBuildConfiguration section */
		1E354E5123845DDA00B3F717 /* Debug */ = {
			isa = XCBuildConfiguration;
			buildSettings = {
				ALWAYS_SEARCH_USER_PATHS = NO;
				CLANG_ANALYZER_NONNULL = YES;
				CLANG_ANALYZER_NUMBER_OBJECT_CONVERSION = YES_AGGRESSIVE;
				CLANG_CXX_LANGUAGE_STANDARD = "gnu++14";
				CLANG_CXX_LIBRARY = "libc++";
				CLANG_ENABLE_MODULES = YES;
				CLANG_ENABLE_OBJC_ARC = YES;
				CLANG_ENABLE_OBJC_WEAK = YES;
				CLANG_WARN_BLOCK_CAPTURE_AUTORELEASING = YES;
				CLANG_WARN_BOOL_CONVERSION = YES;
				CLANG_WARN_COMMA = YES;
				CLANG_WARN_CONSTANT_CONVERSION = YES;
				CLANG_WARN_DEPRECATED_OBJC_IMPLEMENTATIONS = YES;
				CLANG_WARN_DIRECT_OBJC_ISA_USAGE = YES_ERROR;
				CLANG_WARN_DOCUMENTATION_COMMENTS = YES;
				CLANG_WARN_EMPTY_BODY = YES;
				CLANG_WARN_ENUM_CONVERSION = YES;
				CLANG_WARN_INFINITE_RECURSION = YES;
				CLANG_WARN_INT_CONVERSION = YES;
				CLANG_WARN_NON_LITERAL_NULL_CONVERSION = YES;
				CLANG_WARN_OBJC_IMPLICIT_RETAIN_SELF = YES;
				CLANG_WARN_OBJC_LITERAL_CONVERSION = YES;
				CLANG_WARN_OBJC_ROOT_CLASS = YES_ERROR;
				CLANG_WARN_RANGE_LOOP_ANALYSIS = YES;
				CLANG_WARN_STRICT_PROTOTYPES = YES;
				CLANG_WARN_SUSPICIOUS_MOVE = YES;
				CLANG_WARN_UNGUARDED_AVAILABILITY = YES_AGGRESSIVE;
				CLANG_WARN_UNREACHABLE_CODE = YES;
				CLANG_WARN__DUPLICATE_METHOD_MATCH = YES;
				COPY_PHASE_STRIP = NO;
				DEBUG_INFORMATION_FORMAT = dwarf;
				ENABLE_STRICT_OBJC_MSGSEND = YES;
				ENABLE_TESTABILITY = YES;
				GCC_C_LANGUAGE_STANDARD = gnu11;
				GCC_DYNAMIC_NO_PIC = NO;
				GCC_NO_COMMON_BLOCKS = YES;
				GCC_OPTIMIZATION_LEVEL = 0;
				GCC_PREPROCESSOR_DEFINITIONS = (
					"DEBUG=1",
					"$(inherited)",
				);
				GCC_WARN_64_TO_32_BIT_CONVERSION = YES;
				GCC_WARN_ABOUT_RETURN_TYPE = YES_ERROR;
				GCC_WARN_UNDECLARED_SELECTOR = YES;
				GCC_WARN_UNINITIALIZED_AUTOS = YES_AGGRESSIVE;
				GCC_WARN_UNUSED_FUNCTION = YES;
				GCC_WARN_UNUSED_VARIABLE = YES;
				IPHONEOS_DEPLOYMENT_TARGET = 13.2;
				MTL_ENABLE_DEBUG_INFO = INCLUDE_SOURCE;
				MTL_FAST_MATH = YES;
				ONLY_ACTIVE_ARCH = YES;
				SDKROOT = iphoneos;
				SWIFT_ACTIVE_COMPILATION_CONDITIONS = DEBUG;
				SWIFT_OPTIMIZATION_LEVEL = "-Onone";
			};
			name = Debug;
		};
		1E354E5223845DDA00B3F717 /* Release */ = {
			isa = XCBuildConfiguration;
			buildSettings = {
				ALWAYS_SEARCH_USER_PATHS = NO;
				CLANG_ANALYZER_NONNULL = YES;
				CLANG_ANALYZER_NUMBER_OBJECT_CONVERSION = YES_AGGRESSIVE;
				CLANG_CXX_LANGUAGE_STANDARD = "gnu++14";
				CLANG_CXX_LIBRARY = "libc++";
				CLANG_ENABLE_MODULES = YES;
				CLANG_ENABLE_OBJC_ARC = YES;
				CLANG_ENABLE_OBJC_WEAK = YES;
				CLANG_WARN_BLOCK_CAPTURE_AUTORELEASING = YES;
				CLANG_WARN_BOOL_CONVERSION = YES;
				CLANG_WARN_COMMA = YES;
				CLANG_WARN_CONSTANT_CONVERSION = YES;
				CLANG_WARN_DEPRECATED_OBJC_IMPLEMENTATIONS = YES;
				CLANG_WARN_DIRECT_OBJC_ISA_USAGE = YES_ERROR;
				CLANG_WARN_DOCUMENTATION_COMMENTS = YES;
				CLANG_WARN_EMPTY_BODY = YES;
				CLANG_WARN_ENUM_CONVERSION = YES;
				CLANG_WARN_INFINITE_RECURSION = YES;
				CLANG_WARN_INT_CONVERSION = YES;
				CLANG_WARN_NON_LITERAL_NULL_CONVERSION = YES;
				CLANG_WARN_OBJC_IMPLICIT_RETAIN_SELF = YES;
				CLANG_WARN_OBJC_LITERAL_CONVERSION = YES;
				CLANG_WARN_OBJC_ROOT_CLASS = YES_ERROR;
				CLANG_WARN_RANGE_LOOP_ANALYSIS = YES;
				CLANG_WARN_STRICT_PROTOTYPES = YES;
				CLANG_WARN_SUSPICIOUS_MOVE = YES;
				CLANG_WARN_UNGUARDED_AVAILABILITY = YES_AGGRESSIVE;
				CLANG_WARN_UNREACHABLE_CODE = YES;
				CLANG_WARN__DUPLICATE_METHOD_MATCH = YES;
				COPY_PHASE_STRIP = NO;
				DEBUG_INFORMATION_FORMAT = "dwarf-with-dsym";
				ENABLE_NS_ASSERTIONS = NO;
				ENABLE_STRICT_OBJC_MSGSEND = YES;
				GCC_C_LANGUAGE_STANDARD = gnu11;
				GCC_NO_COMMON_BLOCKS = YES;
				GCC_WARN_64_TO_32_BIT_CONVERSION = YES;
				GCC_WARN_ABOUT_RETURN_TYPE = YES_ERROR;
				GCC_WARN_UNDECLARED_SELECTOR = YES;
				GCC_WARN_UNINITIALIZED_AUTOS = YES_AGGRESSIVE;
				GCC_WARN_UNUSED_FUNCTION = YES;
				GCC_WARN_UNUSED_VARIABLE = YES;
				IPHONEOS_DEPLOYMENT_TARGET = 13.2;
				MTL_ENABLE_DEBUG_INFO = NO;
				MTL_FAST_MATH = YES;
				SDKROOT = iphoneos;
				SWIFT_COMPILATION_MODE = wholemodule;
				SWIFT_OPTIMIZATION_LEVEL = "-O";
				VALIDATE_PRODUCT = YES;
			};
			name = Release;
		};
		1E354E5423845DDA00B3F717 /* Debug */ = {
			isa = XCBuildConfiguration;
			buildSettings = {
				ASSETCATALOG_COMPILER_APPICON_NAME = AppIcon;
				CODE_SIGN_STYLE = Automatic;
				DEVELOPMENT_TEAM = M6P56H6G97;
				INFOPLIST_FILE = iOSVisionCroppingSalientFeatures/Info.plist;
				IPHONEOS_DEPLOYMENT_TARGET = 13.0;
				LD_RUNPATH_SEARCH_PATHS = (
					"$(inherited)",
					"@executable_path/Frameworks",
				);
				PRODUCT_BUNDLE_IDENTIFIER = com.iowncode.iOSVisionCroppingSalientFeatures;
				PRODUCT_NAME = "$(TARGET_NAME)";
				SWIFT_VERSION = 5.0;
				TARGETED_DEVICE_FAMILY = "1,2";
			};
			name = Debug;
		};
		1E354E5523845DDA00B3F717 /* Release */ = {
			isa = XCBuildConfiguration;
			buildSettings = {
				ASSETCATALOG_COMPILER_APPICON_NAME = AppIcon;
				CODE_SIGN_STYLE = Automatic;
				DEVELOPMENT_TEAM = M6P56H6G97;
				INFOPLIST_FILE = iOSVisionCroppingSalientFeatures/Info.plist;
				IPHONEOS_DEPLOYMENT_TARGET = 13.0;
				LD_RUNPATH_SEARCH_PATHS = (
					"$(inherited)",
					"@executable_path/Frameworks",
				);
				PRODUCT_BUNDLE_IDENTIFIER = com.iowncode.iOSVisionCroppingSalientFeatures;
				PRODUCT_NAME = "$(TARGET_NAME)";
				SWIFT_VERSION = 5.0;
				TARGETED_DEVICE_FAMILY = "1,2";
			};
			name = Release;
		};
/* End XCBuildConfiguration section */

/* Begin XCConfigurationList section */
		1E354E3A23845DD600B3F717 /* Build configuration list for PBXProject "iOSVisionCroppingSalientFeatures" */ = {
			isa = XCConfigurationList;
			buildConfigurations = (
				1E354E5123845DDA00B3F717 /* Debug */,
				1E354E5223845DDA00B3F717 /* Release */,
			);
			defaultConfigurationIsVisible = 0;
			defaultConfigurationName = Release;
		};
		1E354E5323845DDA00B3F717 /* Build configuration list for PBXNativeTarget "iOSVisionCroppingSalientFeatures" */ = {
			isa = XCConfigurationList;
			buildConfigurations = (
				1E354E5423845DDA00B3F717 /* Debug */,
				1E354E5523845DDA00B3F717 /* Release */,
			);
			defaultConfigurationIsVisible = 0;
			defaultConfigurationName = Release;
		};
/* End XCConfigurationList section */
	};
	rootObject = 1E354E3723845DD600B3F717 /* Project object */;
}
