// !$*UTF8*$!
{
	archiveVersion = 1;
	classes = {
	};
	objectVersion = 50;
	objects = {

/* Begin PBXBuildFile section */
		1E6946CB2343A9AA00FB45AD /* AppDelegate.swift in Sources */ = {isa = PBXBuildFile; fileRef = 1E6946CA2343A9AA00FB45AD /* AppDelegate.swift */; };
		1E6946CD2343A9AA00FB45AD /* SceneDelegate.swift in Sources */ = {isa = PBXBuildFile; fileRef = 1E6946CC2343A9AA00FB45AD /* SceneDelegate.swift */; };
		1E6946CF2343A9AA00FB45AD /* ViewController.swift in Sources */ = {isa = PBXBuildFile; fileRef = 1E6946CE2343A9AA00FB45AD /* ViewController.swift */; };
		1E6946D22343A9AA00FB45AD /* Main.storyboard in Resources */ = {isa = PBXBuildFile; fileRef = 1E6946D02343A9AA00FB45AD /* Main.storyboard */; };
		1E6946D42343A9B100FB45AD /* Assets.xcassets in Resources */ = {isa = PBXBuildFile; fileRef = 1E6946D32343A9B100FB45AD /* Assets.xcassets */; };
		1E6946D72343A9B100FB45AD /* LaunchScreen.storyboard in Resources */ = {isa = PBXBuildFile; fileRef = 1E6946D52343A9B100FB45AD /* LaunchScreen.storyboard */; };
		1E6946DF2343B36A00FB45AD /* CatDogUpdatable.mlmodel in Sources */ = {isa = PBXBuildFile; fileRef = 1E6946DE2343B36A00FB45AD /* CatDogUpdatable.mlmodel */; };
/* End PBXBuildFile section */

/* Begin PBXFileReference section */
		1E6946C72343A9AA00FB45AD /* iOSCoreMLTrainModelOnDevice.app */ = {isa = PBXFileReference; explicitFileType = wrapper.application; includeInIndex = 0; path = iOSCoreMLTrainModelOnDevice.app; sourceTree = BUILT_PRODUCTS_DIR; };
		1E6946CA2343A9AA00FB45AD /* AppDelegate.swift */ = {isa = PBXFileReference; lastKnownFileType = sourcecode.swift; path = AppDelegate.swift; sourceTree = "<group>"; };
		1E6946CC2343A9AA00FB45AD /* SceneDelegate.swift */ = {isa = PBXFileReference; lastKnownFileType = sourcecode.swift; path = SceneDelegate.swift; sourceTree = "<group>"; };
		1E6946CE2343A9AA00FB45AD /* ViewController.swift */ = {isa = PBXFileReference; lastKnownFileType = sourcecode.swift; path = ViewController.swift; sourceTree = "<group>"; };
		1E6946D12343A9AA00FB45AD /* Base */ = {isa = PBXFileReference; lastKnownFileType = file.storyboard; name = Base; path = Base.lproj/Main.storyboard; sourceTree = "<group>"; };
		1E6946D32343A9B100FB45AD /* Assets.xcassets */ = {isa = PBXFileReference; lastKnownFileType = folder.assetcatalog; path = Assets.xcassets; sourceTree = "<group>"; };
		1E6946D62343A9B100FB45AD /* Base */ = {isa = PBXFileReference; lastKnownFileType = file.storyboard; name = Base; path = Base.lproj/LaunchScreen.storyboard; sourceTree = "<group>"; };
		1E6946D82343A9B100FB45AD /* Info.plist */ = {isa = PBXFileReference; lastKnownFileType = text.plist.xml; path = Info.plist; sourceTree = "<group>"; };
		1E6946DE2343B36A00FB45AD /* CatDogUpdatable.mlmodel */ = {isa = PBXFileReference; lastKnownFileType = file.mlmodel; path = CatDogUpdatable.mlmodel; sourceTree = "<group>"; };
/* End PBXFileReference section */

/* Begin PBXFrameworksBuildPhase section */
		1E6946C42343A9AA00FB45AD /* Frameworks */ = {
			isa = PBXFrameworksBuildPhase;
			buildActionMask = 2147483647;
			files = (
			);
			runOnlyForDeploymentPostprocessing = 0;
		};
/* End PBXFrameworksBuildPhase section */

/* Begin PBXGroup section */
		1E6946BE2343A9AA00FB45AD = {
			isa = PBXGroup;
			children = (
				1E6946C92343A9AA00FB45AD /* iOSCoreMLTrainModelOnDevice */,
				1E6946C82343A9AA00FB45AD /* Products */,
			);
			sourceTree = "<group>";
		};
		1E6946C82343A9AA00FB45AD /* Products */ = {
			isa = PBXGroup;
			children = (
				1E6946C72343A9AA00FB45AD /* iOSCoreMLTrainModelOnDevice.app */,
			);
			name = Products;
			sourceTree = "<group>";
		};
		1E6946C92343A9AA00FB45AD /* iOSCoreMLTrainModelOnDevice */ = {
			isa = PBXGroup;
			children = (
				1E6946DE2343B36A00FB45AD /* CatDogUpdatable.mlmodel */,
				1E6946CA2343A9AA00FB45AD /* AppDelegate.swift */,
				1E6946CC2343A9AA00FB45AD /* SceneDelegate.swift */,
				1E6946CE2343A9AA00FB45AD /* ViewController.swift */,
				1E6946D02343A9AA00FB45AD /* Main.storyboard */,
				1E6946D32343A9B100FB45AD /* Assets.xcassets */,
				1E6946D52343A9B100FB45AD /* LaunchScreen.storyboard */,
				1E6946D82343A9B100FB45AD /* Info.plist */,
			);
			path = iOSCoreMLTrainModelOnDevice;
			sourceTree = "<group>";
		};
/* End PBXGroup section */

/* Begin PBXNativeTarget section */
		1E6946C62343A9AA00FB45AD /* iOSCoreMLTrainModelOnDevice */ = {
			isa = PBXNativeTarget;
			buildConfigurationList = 1E6946DB2343A9B100FB45AD /* Build configuration list for PBXNativeTarget "iOSCoreMLTrainModelOnDevice" */;
			buildPhases = (
				1E6946C32343A9AA00FB45AD /* Sources */,
				1E6946C42343A9AA00FB45AD /* Frameworks */,
				1E6946C52343A9AA00FB45AD /* Resources */,
			);
			buildRules = (
			);
			dependencies = (
			);
			name = iOSCoreMLTrainModelOnDevice;
			productName = iOSCoreMLTrainModelOnDevice;
			productReference = 1E6946C72343A9AA00FB45AD /* iOSCoreMLTrainModelOnDevice.app */;
			productType = "com.apple.product-type.application";
		};
/* End PBXNativeTarget section */

/* Begin PBXProject section */
		1E6946BF2343A9AA00FB45AD /* Project object */ = {
			isa = PBXProject;
			attributes = {
				LastSwiftUpdateCheck = 1100;
				LastUpgradeCheck = 1100;
				ORGANIZATIONNAME = "Anupam Chugh";
				TargetAttributes = {
					1E6946C62343A9AA00FB45AD = {
						CreatedOnToolsVersion = 11.0;
					};
				};
			};
			buildConfigurationList = 1E6946C22343A9AA00FB45AD /* Build configuration list for PBXProject "iOSCoreMLTrainModelOnDevice" */;
			compatibilityVersion = "Xcode 9.3";
			developmentRegion = en;
			hasScannedForEncodings = 0;
			knownRegions = (
				en,
				Base,
			);
			mainGroup = 1E6946BE2343A9AA00FB45AD;
			productRefGroup = 1E6946C82343A9AA00FB45AD /* Products */;
			projectDirPath = "";
			projectRoot = "";
			targets = (
				1E6946C62343A9AA00FB45AD /* iOSCoreMLTrainModelOnDevice */,
			);
		};
/* End PBXProject section */

/* Begin PBXResourcesBuildPhase section */
		1E6946C52343A9AA00FB45AD /* Resources */ = {
			isa = PBXResourcesBuildPhase;
			buildActionMask = 2147483647;
			files = (
				1E6946D72343A9B100FB45AD /* LaunchScreen.storyboard in Resources */,
				1E6946D42343A9B100FB45AD /* Assets.xcassets in Resources */,
				1E6946D22343A9AA00FB45AD /* Main.storyboard in Resources */,
			);
			runOnlyForDeploymentPostprocessing = 0;
		};
/* End PBXResourcesBuildPhase section */

/* Begin PBXSourcesBuildPhase section */
		1E6946C32343A9AA00FB45AD /* Sources */ = {
			isa = PBXSourcesBuildPhase;
			buildActionMask = 2147483647;
			files = (
				1E6946CF2343A9AA00FB45AD /* ViewController.swift in Sources */,
				1E6946CB2343A9AA00FB45AD /* AppDelegate.swift in Sources */,
				1E6946CD2343A9AA00FB45AD /* SceneDelegate.swift in Sources */,
				1E6946DF2343B36A00FB45AD /* CatDogUpdatable.mlmodel in Sources */,
			);
			runOnlyForDeploymentPostprocessing = 0;
		};
/* End PBXSourcesBuildPhase section */

/* Begin PBXVariantGroup section */
		1E6946D02343A9AA00FB45AD /* Main.storyboard */ = {
			isa = PBXVariantGroup;
			children = (
				1E6946D12343A9AA00FB45AD /* Base */,
			);
			name = Main.storyboard;
			sourceTree = "<group>";
		};
		1E6946D52343A9B100FB45AD /* LaunchScreen.storyboard */ = {
			isa = PBXVariantGroup;
			children = (
				1E6946D62343A9B100FB45AD /* Base */,
			);
			name = LaunchScreen.storyboard;
			sourceTree = "<group>";
		};
/* End PBXVariantGroup section */

/* Begin XCBuildConfiguration section */
		1E6946D92343A9B100FB45AD /* Debug */ = {
			isa = XCBuildConfiguration;
			buildSettings = {
				ALWAYS_SEARCH_USER_PATHS = NO;
				CLANG_ANALYZER_NONNULL = YES;
				CLANG_ANALYZER_NUMBER_OBJECT_CONVERSION = YES_AGGRESSIVE;
				CLANG_CXX_LANGUAGE_STANDARD = "gnu++14";
				CLANG_CXX_LIBRARY = "libc++";
				CLANG_ENABLE_MODULES = YES;
				CLANG_ENABLE_OBJC_ARC = YES;
				CLANG_ENABLE_OBJC_WEAK = YES;
				CLANG_WARN_BLOCK_CAPTURE_AUTORELEASING = YES;
				CLANG_WARN_BOOL_CONVERSION = YES;
				CLANG_WARN_COMMA = YES;
				CLANG_WARN_CONSTANT_CONVERSION = YES;
				CLANG_WARN_DEPRECATED_OBJC_IMPLEMENTATIONS = YES;
				CLANG_WARN_DIRECT_OBJC_ISA_USAGE = YES_ERROR;
				CLANG_WARN_DOCUMENTATION_COMMENTS = YES;
				CLANG_WARN_EMPTY_BODY = YES;
				CLANG_WARN_ENUM_CONVERSION = YES;
				CLANG_WARN_INFINITE_RECURSION = YES;
				CLANG_WARN_INT_CONVERSION = YES;
				CLANG_WARN_NON_LITERAL_NULL_CONVERSION = YES;
				CLANG_WARN_OBJC_IMPLICIT_RETAIN_SELF = YES;
				CLANG_WARN_OBJC_LITERAL_CONVERSION = YES;
				CLANG_WARN_OBJC_ROOT_CLASS = YES_ERROR;
				CLANG_WARN_RANGE_LOOP_ANALYSIS = YES;
				CLANG_WARN_STRICT_PROTOTYPES = YES;
				CLANG_WARN_SUSPICIOUS_MOVE = YES;
				CLANG_WARN_UNGUARDED_AVAILABILITY = YES_AGGRESSIVE;
				CLANG_WARN_UNREACHABLE_CODE = YES;
				CLANG_WARN__DUPLICATE_METHOD_MATCH = YES;
				COPY_PHASE_STRIP = NO;
				DEBUG_INFORMATION_FORMAT = dwarf;
				ENABLE_STRICT_OBJC_MSGSEND = YES;
				ENABLE_TESTABILITY = YES;
				GCC_C_LANGUAGE_STANDARD = gnu11;
				GCC_DYNAMIC_NO_PIC = NO;
				GCC_NO_COMMON_BLOCKS = YES;
				GCC_OPTIMIZATION_LEVEL = 0;
				GCC_PREPROCESSOR_DEFINITIONS = (
					"DEBUG=1",
					"$(inherited)",
				);
				GCC_WARN_64_TO_32_BIT_CONVERSION = YES;
				GCC_WARN_ABOUT_RETURN_TYPE = YES_ERROR;
				GCC_WARN_UNDECLARED_SELECTOR = YES;
				GCC_WARN_UNINITIALIZED_AUTOS = YES_AGGRESSIVE;
				GCC_WARN_UNUSED_FUNCTION = YES;
				GCC_WARN_UNUSED_VARIABLE = YES;
				IPHONEOS_DEPLOYMENT_TARGET = 13.0;
				MTL_ENABLE_DEBUG_INFO = INCLUDE_SOURCE;
				MTL_FAST_MATH = YES;
				ONLY_ACTIVE_ARCH = YES;
				SDKROOT = iphoneos;
				SWIFT_ACTIVE_COMPILATION_CONDITIONS = DEBUG;
				SWIFT_OPTIMIZATION_LEVEL = "-Onone";
			};
			name = Debug;
		};
		1E6946DA2343A9B100FB45AD /* Release */ = {
			isa = XCBuildConfiguration;
			buildSettings = {
				ALWAYS_SEARCH_USER_PATHS = NO;
				CLANG_ANALYZER_NONNULL = YES;
				CLANG_ANALYZER_NUMBER_OBJECT_CONVERSION = YES_AGGRESSIVE;
				CLANG_CXX_LANGUAGE_STANDARD = "gnu++14";
				CLANG_CXX_LIBRARY = "libc++";
				CLANG_ENABLE_MODULES = YES;
				CLANG_ENABLE_OBJC_ARC = YES;
				CLANG_ENABLE_OBJC_WEAK = YES;
				CLANG_WARN_BLOCK_CAPTURE_AUTORELEASING = YES;
				CLANG_WARN_BOOL_CONVERSION = YES;
				CLANG_WARN_COMMA = YES;
				CLANG_WARN_CONSTANT_CONVERSION = YES;
				CLANG_WARN_DEPRECATED_OBJC_IMPLEMENTATIONS = YES;
				CLANG_WARN_DIRECT_OBJC_ISA_USAGE = YES_ERROR;
				CLANG_WARN_DOCUMENTATION_COMMENTS = YES;
				CLANG_WARN_EMPTY_BODY = YES;
				CLANG_WARN_ENUM_CONVERSION = YES;
				CLANG_WARN_INFINITE_RECURSION = YES;
				CLANG_WARN_INT_CONVERSION = YES;
				CLANG_WARN_NON_LITERAL_NULL_CONVERSION = YES;
				CLANG_WARN_OBJC_IMPLICIT_RETAIN_SELF = YES;
				CLANG_WARN_OBJC_LITERAL_CONVERSION = YES;
				CLANG_WARN_OBJC_ROOT_CLASS = YES_ERROR;
				CLANG_WARN_RANGE_LOOP_ANALYSIS = YES;
				CLANG_WARN_STRICT_PROTOTYPES = YES;
				CLANG_WARN_SUSPICIOUS_MOVE = YES;
				CLANG_WARN_UNGUARDED_AVAILABILITY = YES_AGGRESSIVE;
				CLANG_WARN_UNREACHABLE_CODE = YES;
				CLANG_WARN__DUPLICATE_METHOD_MATCH = YES;
				COPY_PHASE_STRIP = NO;
				DEBUG_INFORMATION_FORMAT = "dwarf-with-dsym";
				ENABLE_NS_ASSERTIONS = NO;
				ENABLE_STRICT_OBJC_MSGSEND = YES;
				GCC_C_LANGUAGE_STANDARD = gnu11;
				GCC_NO_COMMON_BLOCKS = YES;
				GCC_WARN_64_TO_32_BIT_CONVERSION = YES;
				GCC_WARN_ABOUT_RETURN_TYPE = YES_ERROR;
				GCC_WARN_UNDECLARED_SELECTOR = YES;
				GCC_WARN_UNINITIALIZED_AUTOS = YES_AGGRESSIVE;
				GCC_WARN_UNUSED_FUNCTION = YES;
				GCC_WARN_UNUSED_VARIABLE = YES;
				IPHONEOS_DEPLOYMENT_TARGET = 13.0;
				MTL_ENABLE_DEBUG_INFO = NO;
				MTL_FAST_MATH = YES;
				SDKROOT = iphoneos;
				SWIFT_COMPILATION_MODE = wholemodule;
				SWIFT_OPTIMIZATION_LEVEL = "-O";
				VALIDATE_PRODUCT = YES;
			};
			name = Release;
		};
		1E6946DC2343A9B100FB45AD /* Debug */ = {
			isa = XCBuildConfiguration;
			buildSettings = {
				ASSETCATALOG_COMPILER_APPICON_NAME = AppIcon;
				CODE_SIGN_STYLE = Automatic;
				DEVELOPMENT_TEAM = M6P56H6G97;
				INFOPLIST_FILE = iOSCoreMLTrainModelOnDevice/Info.plist;
				LD_RUNPATH_SEARCH_PATHS = (
					"$(inherited)",
					"@executable_path/Frameworks",
				);
				PRODUCT_BUNDLE_IDENTIFIER = com.iowncode.iOSCoreMLTrainModelOnDevice;
				PRODUCT_NAME = "$(TARGET_NAME)";
				SWIFT_VERSION = 5.0;
				TARGETED_DEVICE_FAMILY = "1,2";
			};
			name = Debug;
		};
		1E6946DD2343A9B100FB45AD /* Release */ = {
			isa = XCBuildConfiguration;
			buildSettings = {
				ASSETCATALOG_COMPILER_APPICON_NAME = AppIcon;
				CODE_SIGN_STYLE = Automatic;
				DEVELOPMENT_TEAM = M6P56H6G97;
				INFOPLIST_FILE = iOSCoreMLTrainModelOnDevice/Info.plist;
				LD_RUNPATH_SEARCH_PATHS = (
					"$(inherited)",
					"@executable_path/Frameworks",
				);
				PRODUCT_BUNDLE_IDENTIFIER = com.iowncode.iOSCoreMLTrainModelOnDevice;
				PRODUCT_NAME = "$(TARGET_NAME)";
				SWIFT_VERSION = 5.0;
				TARGETED_DEVICE_FAMILY = "1,2";
			};
			name = Release;
		};
/* End XCBuildConfiguration section */

/* Begin XCConfigurationList section */
		1E6946C22343A9AA00FB45AD /* Build configuration list for PBXProject "iOSCoreMLTrainModelOnDevice" */ = {
			isa = XCConfigurationList;
			buildConfigurations = (
				1E6946D92343A9B100FB45AD /* Debug */,
				1E6946DA2343A9B100FB45AD /* Release */,
			);
			defaultConfigurationIsVisible = 0;
			defaultConfigurationName = Release;
		};
		1E6946DB2343A9B100FB45AD /* Build configuration list for PBXNativeTarget "iOSCoreMLTrainModelOnDevice" */ = {
			isa = XCConfigurationList;
			buildConfigurations = (
				1E6946DC2343A9B100FB45AD /* Debug */,
				1E6946DD2343A9B100FB45AD /* Release */,
			);
			defaultConfigurationIsVisible = 0;
			defaultConfigurationName = Release;
		};
/* End XCConfigurationList section */
	};
	rootObject = 1E6946BF2343A9AA00FB45AD /* Project object */;
}
